// !$*UTF8*$!
{
	archiveVersion = 1;
	classes = {
	};
	objectVersion = 46;
	objects = {

/* Begin PBXBuildFile section */
		45B870B11908FDC10055F92B /* Foundation.framework in Frameworks */ = {isa = PBXBuildFile; fileRef = 45B870B01908FDC10055F92B /* Foundation.framework */; };
		45B870B31908FDC10055F92B /* CoreGraphics.framework in Frameworks */ = {isa = PBXBuildFile; fileRef = 45B870B21908FDC10055F92B /* CoreGraphics.framework */; };
		45B870B51908FDC10055F92B /* UIKit.framework in Frameworks */ = {isa = PBXBuildFile; fileRef = 45B870B41908FDC10055F92B /* UIKit.framework */; };
		45B870BB1908FDC10055F92B /* InfoPlist.strings in Resources */ = {isa = PBXBuildFile; fileRef = 45B870B91908FDC10055F92B /* InfoPlist.strings */; };
		45B870BD1908FDC10055F92B /* main.m in Sources */ = {isa = PBXBuildFile; fileRef = 45B870BC1908FDC10055F92B /* main.m */; };
		45B870C11908FDC10055F92B /* AppDelegate.m in Sources */ = {isa = PBXBuildFile; fileRef = 45B870C01908FDC10055F92B /* AppDelegate.m */; };
		45B870C41908FDC10055F92B /* Main.storyboard in Resources */ = {isa = PBXBuildFile; fileRef = 45B870C21908FDC10055F92B /* Main.storyboard */; };
		45B870C71908FDC10055F92B /* ViewController.m in Sources */ = {isa = PBXBuildFile; fileRef = 45B870C61908FDC10055F92B /* ViewController.m */; };
		45B870C91908FDC10055F92B /* Images.xcassets in Resources */ = {isa = PBXBuildFile; fileRef = 45B870C81908FDC10055F92B /* Images.xcassets */; };
		45B870D01908FDC10055F92B /* XCTest.framework in Frameworks */ = {isa = PBXBuildFile; fileRef = 45B870CF1908FDC10055F92B /* XCTest.framework */; };
		45B870D11908FDC10055F92B /* Foundation.framework in Frameworks */ = {isa = PBXBuildFile; fileRef = 45B870B01908FDC10055F92B /* Foundation.framework */; };
		45B870D21908FDC10055F92B /* UIKit.framework in Frameworks */ = {isa = PBXBuildFile; fileRef = 45B870B41908FDC10055F92B /* UIKit.framework */; };
		45B870DA1908FDC10055F92B /* InfoPlist.strings in Resources */ = {isa = PBXBuildFile; fileRef = 45B870D81908FDC10055F92B /* InfoPlist.strings */; };
		45B870DC1908FDC10055F92B /* DoodleDemoTests.m in Sources */ = {isa = PBXBuildFile; fileRef = 45B870DB1908FDC10055F92B /* DoodleDemoTests.m */; };
/* End PBXBuildFile section */

/* Begin PBXContainerItemProxy section */
		45B870D31908FDC10055F92B /* PBXContainerItemProxy */ = {
			isa = PBXContainerItemProxy;
			containerPortal = 45B870A51908FDC10055F92B /* Project object */;
			proxyType = 1;
			remoteGlobalIDString = 45B870AC1908FDC10055F92B;
			remoteInfo = DoodleDemo;
		};
/* End PBXContainerItemProxy section */

/* Begin PBXFileReference section */
		45B870AD1908FDC10055F92B /* DoodleDemo.app */ = {isa = PBXFileReference; explicitFileType = wrapper.application; includeInIndex = 0; path = DoodleDemo.app; sourceTree = BUILT_PRODUCTS_DIR; };
		45B870B01908FDC10055F92B /* Foundation.framework */ = {isa = PBXFileReference; lastKnownFileType = wrapper.framework; name = Foundation.framework; path = System/Library/Frameworks/Foundation.framework; sourceTree = SDKROOT; };
		45B870B21908FDC10055F92B /* CoreGraphics.framework */ = {isa = PBXFileReference; lastKnownFileType = wrapper.framework; name = CoreGraphics.framework; path = System/Library/Frameworks/CoreGraphics.framework; sourceTree = SDKROOT; };
		45B870B41908FDC10055F92B /* UIKit.framework */ = {isa = PBXFileReference; lastKnownFileType = wrapper.framework; name = UIKit.framework; path = System/Library/Frameworks/UIKit.framework; sourceTree = SDKROOT; };
		45B870B81908FDC10055F92B /* DoodleDemo-Info.plist */ = {isa = PBXFileReference; lastKnownFileType = text.plist.xml; path = "DoodleDemo-Info.plist"; sourceTree = "<group>"; };
		45B870BA1908FDC10055F92B /* en */ = {isa = PBXFileReference; lastKnownFileType = text.plist.strings; name = en; path = en.lproj/InfoPlist.strings; sourceTree = "<group>"; };
		45B870BC1908FDC10055F92B /* main.m */ = {isa = PBXFileReference; lastKnownFileType = sourcecode.c.objc; path = main.m; sourceTree = "<group>"; };
		45B870BE1908FDC10055F92B /* DoodleDemo-Prefix.pch */ = {isa = PBXFileReference; lastKnownFileType = sourcecode.c.h; path = "DoodleDemo-Prefix.pch"; sourceTree = "<group>"; };
		45B870BF1908FDC10055F92B /* AppDelegate.h */ = {isa = PBXFileReference; lastKnownFileType = sourcecode.c.h; path = AppDelegate.h; sourceTree = "<group>"; };
		45B870C01908FDC10055F92B /* AppDelegate.m */ = {isa = PBXFileReference; lastKnownFileType = sourcecode.c.objc; path = AppDelegate.m; sourceTree = "<group>"; };
		45B870C31908FDC10055F92B /* Base */ = {isa = PBXFileReference; lastKnownFileType = file.storyboard; name = Base; path = Base.lproj/Main.storyboard; sourceTree = "<group>"; };
		45B870C51908FDC10055F92B /* ViewController.h */ = {isa = PBXFileReference; lastKnownFileType = sourcecode.c.h; path = ViewController.h; sourceTree = "<group>"; };
		45B870C61908FDC10055F92B /* ViewController.m */ = {isa = PBXFileReference; lastKnownFileType = sourcecode.c.objc; path = ViewController.m; sourceTree = "<group>"; };
		45B870C81908FDC10055F92B /* Images.xcassets */ = {isa = PBXFileReference; lastKnownFileType = folder.assetcatalog; path = Images.xcassets; sourceTree = "<group>"; };
		45B870CE1908FDC10055F92B /* DoodleDemoTests.xctest */ = {isa = PBXFileReference; explicitFileType = wrapper.cfbundle; includeInIndex = 0; path = DoodleDemoTests.xctest; sourceTree = BUILT_PRODUCTS_DIR; };
		45B870CF1908FDC10055F92B /* XCTest.framework */ = {isa = PBXFileReference; lastKnownFileType = wrapper.framework; name = XCTest.framework; path = Library/Frameworks/XCTest.framework; sourceTree = DEVELOPER_DIR; };
		45B870D71908FDC10055F92B /* DoodleDemoTests-Info.plist */ = {isa = PBXFileReference; lastKnownFileType = text.plist.xml; path = "DoodleDemoTests-Info.plist"; sourceTree = "<group>"; };
		45B870D91908FDC10055F92B /* en */ = {isa = PBXFileReference; lastKnownFileType = text.plist.strings; name = en; path = en.lproj/InfoPlist.strings; sourceTree = "<group>"; };
		45B870DB1908FDC10055F92B /* DoodleDemoTests.m */ = {isa = PBXFileReference; lastKnownFileType = sourcecode.c.objc; path = DoodleDemoTests.m; sourceTree = "<group>"; };
/* End PBXFileReference section */

/* Begin PBXFrameworksBuildPhase section */
		45B870AA1908FDC10055F92B /* Frameworks */ = {
			isa = PBXFrameworksBuildPhase;
			buildActionMask = 2147483647;
			files = (
				45B870B31908FDC10055F92B /* CoreGraphics.framework in Frameworks */,
				45B870B51908FDC10055F92B /* UIKit.framework in Frameworks */,
				45B870B11908FDC10055F92B /* Foundation.framework in Frameworks */,
			);
			runOnlyForDeploymentPostprocessing = 0;
		};
		45B870CB1908FDC10055F92B /* Frameworks */ = {
			isa = PBXFrameworksBuildPhase;
			buildActionMask = 2147483647;
			files = (
				45B870D01908FDC10055F92B /* XCTest.framework in Frameworks */,
				45B870D21908FDC10055F92B /* UIKit.framework in Frameworks */,
				45B870D11908FDC10055F92B /* Foundation.framework in Frameworks */,
			);
			runOnlyForDeploymentPostprocessing = 0;
		};
/* End PBXFrameworksBuildPhase section */

/* Begin PBXGroup section */
		45B870A41908FDC10055F92B = {
			isa = PBXGroup;
			children = (
				45B870B61908FDC10055F92B /* DoodleDemo */,
				45B870D51908FDC10055F92B /* DoodleDemoTests */,
				45B870AF1908FDC10055F92B /* Frameworks */,
				45B870AE1908FDC10055F92B /* Products */,
			);
			sourceTree = "<group>";
		};
		45B870AE1908FDC10055F92B /* Products */ = {
			isa = PBXGroup;
			children = (
				45B870AD1908FDC10055F92B /* DoodleDemo.app */,
				45B870CE1908FDC10055F92B /* DoodleDemoTests.xctest */,
			);
			name = Products;
			sourceTree = "<group>";
		};
		45B870AF1908FDC10055F92B /* Frameworks */ = {
			isa = PBXGroup;
			children = (
				45B870B01908FDC10055F92B /* Foundation.framework */,
				45B870B21908FDC10055F92B /* CoreGraphics.framework */,
				45B870B41908FDC10055F92B /* UIKit.framework */,
				45B870CF1908FDC10055F92B /* XCTest.framework */,
			);
			name = Frameworks;
			sourceTree = "<group>";
		};
		45B870B61908FDC10055F92B /* DoodleDemo */ = {
			isa = PBXGroup;
			children = (
				45B870BF1908FDC10055F92B /* AppDelegate.h */,
				45B870C01908FDC10055F92B /* AppDelegate.m */,
				45B870C21908FDC10055F92B /* Main.storyboard */,
				45B870C51908FDC10055F92B /* ViewController.h */,
				45B870C61908FDC10055F92B /* ViewController.m */,
				45B870C81908FDC10055F92B /* Images.xcassets */,
				45B870B71908FDC10055F92B /* Supporting Files */,
			);
			path = DoodleDemo;
			sourceTree = "<group>";
		};
		45B870B71908FDC10055F92B /* Supporting Files */ = {
			isa = PBXGroup;
			children = (
				45B870B81908FDC10055F92B /* DoodleDemo-Info.plist */,
				45B870B91908FDC10055F92B /* InfoPlist.strings */,
				45B870BC1908FDC10055F92B /* main.m */,
				45B870BE1908FDC10055F92B /* DoodleDemo-Prefix.pch */,
			);
			name = "Supporting Files";
			sourceTree = "<group>";
		};
		45B870D51908FDC10055F92B /* DoodleDemoTests */ = {
			isa = PBXGroup;
			children = (
				45B870DB1908FDC10055F92B /* DoodleDemoTests.m */,
				45B870D61908FDC10055F92B /* Supporting Files */,
			);
			path = DoodleDemoTests;
			sourceTree = "<group>";
		};
		45B870D61908FDC10055F92B /* Supporting Files */ = {
			isa = PBXGroup;
			children = (
				45B870D71908FDC10055F92B /* DoodleDemoTests-Info.plist */,
				45B870D81908FDC10055F92B /* InfoPlist.strings */,
			);
			name = "Supporting Files";
			sourceTree = "<group>";
		};
/* End PBXGroup section */

/* Begin PBXNativeTarget section */
		45B870AC1908FDC10055F92B /* DoodleDemo */ = {
			isa = PBXNativeTarget;
			buildConfigurationList = 45B870DF1908FDC10055F92B /* Build configuration list for PBXNativeTarget "DoodleDemo" */;
			buildPhases = (
				45B870A91908FDC10055F92B /* Sources */,
				45B870AA1908FDC10055F92B /* Frameworks */,
				45B870AB1908FDC10055F92B /* Resources */,
			);
			buildRules = (
			);
			dependencies = (
			);
			name = DoodleDemo;
			productName = DoodleDemo;
			productReference = 45B870AD1908FDC10055F92B /* DoodleDemo.app */;
			productType = "com.apple.product-type.application";
		};
		45B870CD1908FDC10055F92B /* DoodleDemoTests */ = {
			isa = PBXNativeTarget;
			buildConfigurationList = 45B870E21908FDC10055F92B /* Build configuration list for PBXNativeTarget "DoodleDemoTests" */;
			buildPhases = (
				45B870CA1908FDC10055F92B /* Sources */,
				45B870CB1908FDC10055F92B /* Frameworks */,
				45B870CC1908FDC10055F92B /* Resources */,
			);
			buildRules = (
			);
			dependencies = (
				45B870D41908FDC10055F92B /* PBXTargetDependency */,
			);
			name = DoodleDemoTests;
			productName = DoodleDemoTests;
			productReference = 45B870CE1908FDC10055F92B /* DoodleDemoTests.xctest */;
			productType = "com.apple.product-type.bundle.unit-test";
		};
/* End PBXNativeTarget section */

/* Begin PBXProject section */
		45B870A51908FDC10055F92B /* Project object */ = {
			isa = PBXProject;
			attributes = {
				LastUpgradeCheck = 0510;
				ORGANIZATIONNAME = ZZ;
				TargetAttributes = {
					45B870CD1908FDC10055F92B = {
						TestTargetID = 45B870AC1908FDC10055F92B;
					};
				};
			};
			buildConfigurationList = 45B870A81908FDC10055F92B /* Build configuration list for PBXProject "DoodleDemo" */;
			compatibilityVersion = "Xcode 3.2";
			developmentRegion = English;
			hasScannedForEncodings = 0;
			knownRegions = (
				en,
				Base,
			);
			mainGroup = 45B870A41908FDC10055F92B;
			productRefGroup = 45B870AE1908FDC10055F92B /* Products */;
			projectDirPath = "";
			projectRoot = "";
			targets = (
				45B870AC1908FDC10055F92B /* DoodleDemo */,
				45B870CD1908FDC10055F92B /* DoodleDemoTests */,
			);
		};
/* End PBXProject section */

/* Begin PBXResourcesBuildPhase section */
		45B870AB1908FDC10055F92B /* Resources */ = {
			isa = PBXResourcesBuildPhase;
			buildActionMask = 2147483647;
			files = (
				45B870C91908FDC10055F92B /* Images.xcassets in Resources */,
				45B870BB1908FDC10055F92B /* InfoPlist.strings in Resources */,
				45B870C41908FDC10055F92B /* Main.storyboard in Resources */,
			);
			runOnlyForDeploymentPostprocessing = 0;
		};
		45B870CC1908FDC10055F92B /* Resources */ = {
			isa = PBXResourcesBuildPhase;
			buildActionMask = 2147483647;
			files = (
				45B870DA1908FDC10055F92B /* InfoPlist.strings in Resources */,
			);
			runOnlyForDeploymentPostprocessing = 0;
		};
/* End PBXResourcesBuildPhase section */

/* Begin PBXSourcesBuildPhase section */
		45B870A91908FDC10055F92B /* Sources */ = {
			isa = PBXSourcesBuildPhase;
			buildActionMask = 2147483647;
			files = (
				45B870C71908FDC10055F92B /* ViewController.m in Sources */,
				45B870C11908FDC10055F92B /* AppDelegate.m in Sources */,
				45B870BD1908FDC10055F92B /* main.m in Sources */,
			);
			runOnlyForDeploymentPostprocessing = 0;
		};
		45B870CA1908FDC10055F92B /* Sources */ = {
			isa = PBXSourcesBuildPhase;
			buildActionMask = 2147483647;
			files = (
				45B870DC1908FDC10055F92B /* DoodleDemoTests.m in Sources */,
			);
			runOnlyForDeploymentPostprocessing = 0;
		};
/* End PBXSourcesBuildPhase section */

/* Begin PBXTargetDependency section */
		45B870D41908FDC10055F92B /* PBXTargetDependency */ = {
			isa = PBXTargetDependency;
			target = 45B870AC1908FDC10055F92B /* DoodleDemo */;
			targetProxy = 45B870D31908FDC10055F92B /* PBXContainerItemProxy */;
		};
/* End PBXTargetDependency section */

/* Begin PBXVariantGroup section */
		45B870B91908FDC10055F92B /* InfoPlist.strings */ = {
			isa = PBXVariantGroup;
			children = (
				45B870BA1908FDC10055F92B /* en */,
			);
			name = InfoPlist.strings;
			sourceTree = "<group>";
		};
		45B870C21908FDC10055F92B /* Main.storyboard */ = {
			isa = PBXVariantGroup;
			children = (
				45B870C31908FDC10055F92B /* Base */,
			);
			name = Main.storyboard;
			sourceTree = "<group>";
		};
		45B870D81908FDC10055F92B /* InfoPlist.strings */ = {
			isa = PBXVariantGroup;
			children = (
				45B870D91908FDC10055F92B /* en */,
			);
			name = InfoPlist.strings;
			sourceTree = "<group>";
		};
/* End PBXVariantGroup section */

/* Begin XCBuildConfiguration section */
		45B870DD1908FDC10055F92B /* Debug */ = {
			isa = XCBuildConfiguration;
			buildSettings = {
				ALWAYS_SEARCH_USER_PATHS = NO;
				CLANG_CXX_LANGUAGE_STANDARD = "gnu++0x";
				CLANG_CXX_LIBRARY = "libc++";
				CLANG_ENABLE_MODULES = YES;
				CLANG_ENABLE_OBJC_ARC = YES;
				CLANG_WARN_BOOL_CONVERSION = YES;
				CLANG_WARN_CONSTANT_CONVERSION = YES;
				CLANG_WARN_DIRECT_OBJC_ISA_USAGE = YES_ERROR;
				CLANG_WARN_EMPTY_BODY = YES;
				CLANG_WARN_ENUM_CONVERSION = YES;
				CLANG_WARN_INT_CONVERSION = YES;
				CLANG_WARN_OBJC_ROOT_CLASS = YES_ERROR;
				CLANG_WARN__DUPLICATE_METHOD_MATCH = YES;
				"CODE_SIGN_IDENTITY[sdk=iphoneos*]" = "iPhone Developer";
				COPY_PHASE_STRIP = NO;
				GCC_C_LANGUAGE_STANDARD = gnu99;
				GCC_DYNAMIC_NO_PIC = NO;
				GCC_OPTIMIZATION_LEVEL = 0;
				GCC_PREPROCESSOR_DEFINITIONS = (
					"DEBUG=1",
					"$(inherited)",
				);
				GCC_SYMBOLS_PRIVATE_EXTERN = NO;
				GCC_WARN_64_TO_32_BIT_CONVERSION = YES;
				GCC_WARN_ABOUT_RETURN_TYPE = YES_ERROR;
				GCC_WARN_UNDECLARED_SELECTOR = YES;
				GCC_WARN_UNINITIALIZED_AUTOS = YES_AGGRESSIVE;
				GCC_WARN_UNUSED_FUNCTION = YES;
				GCC_WARN_UNUSED_VARIABLE = YES;
				IPHONEOS_DEPLOYMENT_TARGET = 7.1;
				ONLY_ACTIVE_ARCH = YES;
				SDKROOT = iphoneos;
			};
			name = Debug;
		};
		45B870DE1908FDC10055F92B /* Release */ = {
			isa = XCBuildConfiguration;
			buildSettings = {
				ALWAYS_SEARCH_USER_PATHS = NO;
				CLANG_CXX_LANGUAGE_STANDARD = "gnu++0x";
				CLANG_CXX_LIBRARY = "libc++";
				CLANG_ENABLE_MODULES = YES;
				CLANG_ENABLE_OBJC_ARC = YES;
				CLANG_WARN_BOOL_CONVERSION = YES;
				CLANG_WARN_CONSTANT_CONVERSION = YES;
				CLANG_WARN_DIRECT_OBJC_ISA_USAGE = YES_ERROR;
				CLANG_WARN_EMPTY_BODY = YES;
				CLANG_WARN_ENUM_CONVERSION = YES;
				CLANG_WARN_INT_CONVERSION = YES;
				CLANG_WARN_OBJC_ROOT_CLASS = YES_ERROR;
				CLANG_WARN__DUPLICATE_METHOD_MATCH = YES;
				"CODE_SIGN_IDENTITY[sdk=iphoneos*]" = "iPhone Developer";
				COPY_PHASE_STRIP = YES;
				ENABLE_NS_ASSERTIONS = NO;
				GCC_C_LANGUAGE_STANDARD = gnu99;
				GCC_WARN_64_TO_32_BIT_CONVERSION = YES;
				GCC_WARN_ABOUT_RETURN_TYPE = YES_ERROR;
				GCC_WARN_UNDECLARED_SELECTOR = YES;
				GCC_WARN_UNINITIALIZED_AUTOS = YES_AGGRESSIVE;
				GCC_WARN_UNUSED_FUNCTION = YES;
				GCC_WARN_UNUSED_VARIABLE = YES;
				IPHONEOS_DEPLOYMENT_TARGET = 7.1;
				SDKROOT = iphoneos;
				VALIDATE_PRODUCT = YES;
			};
			name = Release;
		};
		45B870E01908FDC10055F92B /* Debug */ = {
			isa = XCBuildConfiguration;
			buildSettings = {
				ASSETCATALOG_COMPILER_APPICON_NAME = AppIcon;
				ASSETCATALOG_COMPILER_LAUNCHIMAGE_NAME = LaunchImage;
				GCC_PRECOMPILE_PREFIX_HEADER = YES;
				GCC_PREFIX_HEADER = "DoodleDemo/DoodleDemo-Prefix.pch";
				INFOPLIST_FILE = "DoodleDemo/DoodleDemo-Info.plist";
				PRODUCT_NAME = "$(TARGET_NAME)";
				WRAPPER_EXTENSION = app;
			};
			name = Debug;
		};
		45B870E11908FDC10055F92B /* Release */ = {
			isa = XCBuildConfiguration;
			buildSettings = {
				ASSETCATALOG_COMPILER_APPICON_NAME = AppIcon;
				ASSETCATALOG_COMPILER_LAUNCHIMAGE_NAME = LaunchImage;
				GCC_PRECOMPILE_PREFIX_HEADER = YES;
				GCC_PREFIX_HEADER = "DoodleDemo/DoodleDemo-Prefix.pch";
				INFOPLIST_FILE = "DoodleDemo/DoodleDemo-Info.plist";
				PRODUCT_NAME = "$(TARGET_NAME)";
				WRAPPER_EXTENSION = app;
			};
			name = Release;
		};
		45B870E31908FDC10055F92B /* Debug */ = {
			isa = XCBuildConfiguration;
			buildSettings = {
				BUNDLE_LOADER = "$(BUILT_PRODUCTS_DIR)/DoodleDemo.app/DoodleDemo";
				FRAMEWORK_SEARCH_PATHS = (
					"$(SDKROOT)/Developer/Library/Frameworks",
					"$(inherited)",
					"$(DEVELOPER_FRAMEWORKS_DIR)",
				);
				GCC_PRECOMPILE_PREFIX_HEADER = YES;
				GCC_PREFIX_HEADER = "DoodleDemo/DoodleDemo-Prefix.pch";
				GCC_PREPROCESSOR_DEFINITIONS = (
					"DEBUG=1",
					"$(inherited)",
				);
				INFOPLIST_FILE = "DoodleDemoTests/DoodleDemoTests-Info.plist";
				PRODUCT_NAME = "$(TARGET_NAME)";
				TEST_HOST = "$(BUNDLE_LOADER)";
				WRAPPER_EXTENSION = xctest;
			};
			name = Debug;
		};
		45B870E41908FDC10055F92B /* Release */ = {
			isa = XCBuildConfiguration;
			buildSettings = {
				BUNDLE_LOADER = "$(BUILT_PRODUCTS_DIR)/DoodleDemo.app/DoodleDemo";
				FRAMEWORK_SEARCH_PATHS = (
					"$(SDKROOT)/Developer/Library/Frameworks",
					"$(inherited)",
					"$(DEVELOPER_FRAMEWORKS_DIR)",
				);
				GCC_PRECOMPILE_PREFIX_HEADER = YES;
				GCC_PREFIX_HEADER = "DoodleDemo/DoodleDemo-Prefix.pch";
				INFOPLIST_FILE = "DoodleDemoTests/DoodleDemoTests-Info.plist";
				PRODUCT_NAME = "$(TARGET_NAME)";
				TEST_HOST = "$(BUNDLE_LOADER)";
				WRAPPER_EXTENSION = xctest;
			};
			name = Release;
		};
/* End XCBuildConfiguration section */

/* Begin XCConfigurationList section */
		45B870A81908FDC10055F92B /* Build configuration list for PBXProject "DoodleDemo" */ = {
			isa = XCConfigurationList;
			buildConfigurations = (
				45B870DD1908FDC10055F92B /* Debug */,
				45B870DE1908FDC10055F92B /* Release */,
			);
			defaultConfigurationIsVisible = 0;
			defaultConfigurationName = Release;
		};
		45B870DF1908FDC10055F92B /* Build configuration list for PBXNativeTarget "DoodleDemo" */ = {
			isa = XCConfigurationList;
			buildConfigurations = (
				45B870E01908FDC10055F92B /* Debug */,
				45B870E11908FDC10055F92B /* Release */,
			);
			defaultConfigurationIsVisible = 0;
		};
		45B870E21908FDC10055F92B /* Build configuration list for PBXNativeTarget "DoodleDemoTests" */ = {
			isa = XCConfigurationList;
			buildConfigurations = (
				45B870E31908FDC10055F92B /* Debug */,
				45B870E41908FDC10055F92B /* Release */,
			);
			defaultConfigurationIsVisible = 0;
		};
/* End XCConfigurationList section */
	};
	rootObject = 45B870A51908FDC10055F92B /* Project object */;
}
