// !$*UTF8*$!
{
	archiveVersion = 1;
	classes = {
	};
	objectVersion = 46;
	objects = {

/* Begin PBXBuildFile section */
		4504438E190F3E3D00995685 /* HTWhiteBoradViewController.m in Sources */ = {isa = PBXBuildFile; fileRef = 4504438D190F3E3D00995685 /* HTWhiteBoradViewController.m */; };
		45044390190F474C00995685 /* setp_back_mark@2x.png in Resources */ = {isa = PBXBuildFile; fileRef = 4504438F190F474C00995685 /* setp_back_mark@2x.png */; };
		45044394190F47C500995685 /* emoji_delete@2x.png in Resources */ = {isa = PBXBuildFile; fileRef = 45044393190F47C500995685 /* emoji_delete@2x.png */; };
		459D2B17190DEC6B00688946 /* HTHandWritingView.m in Sources */ = {isa = PBXBuildFile; fileRef = 459D2B16190DEC6B00688946 /* HTHandWritingView.m */; };
		459D2B1A190DF41B00688946 /* HTImageEditView.m in Sources */ = {isa = PBXBuildFile; fileRef = 459D2B19190DF41B00688946 /* HTImageEditView.m */; };
		459D2B20190E452800688946 /* cursor2@2x.png in Resources */ = {isa = PBXBuildFile; fileRef = 459D2B1F190E452800688946 /* cursor2@2x.png */; };
		459D2B22190E4DC000688946 /* cursor1@2x.png in Resources */ = {isa = PBXBuildFile; fileRef = 459D2B21190E4DC000688946 /* cursor1@2x.png */; };
		45B870B11908FDC10055F92B /* Foundation.framework in Frameworks */ = {isa = PBXBuildFile; fileRef = 45B870B01908FDC10055F92B /* Foundation.framework */; };
		45B870B31908FDC10055F92B /* CoreGraphics.framework in Frameworks */ = {isa = PBXBuildFile; fileRef = 45B870B21908FDC10055F92B /* CoreGraphics.framework */; };
		45B870B51908FDC10055F92B /* UIKit.framework in Frameworks */ = {isa = PBXBuildFile; fileRef = 45B870B41908FDC10055F92B /* UIKit.framework */; };
		45B870BB1908FDC10055F92B /* InfoPlist.strings in Resources */ = {isa = PBXBuildFile; fileRef = 45B870B91908FDC10055F92B /* InfoPlist.strings */; };
		45B870BD1908FDC10055F92B /* main.m in Sources */ = {isa = PBXBuildFile; fileRef = 45B870BC1908FDC10055F92B /* main.m */; };
		45B870C11908FDC10055F92B /* AppDelegate.m in Sources */ = {isa = PBXBuildFile; fileRef = 45B870C01908FDC10055F92B /* AppDelegate.m */; };
		45B870C91908FDC10055F92B /* Images.xcassets in Resources */ = {isa = PBXBuildFile; fileRef = 45B870C81908FDC10055F92B /* Images.xcassets */; };
		45B870D01908FDC10055F92B /* XCTest.framework in Frameworks */ = {isa = PBXBuildFile; fileRef = 45B870CF1908FDC10055F92B /* XCTest.framework */; };
		45B870D11908FDC10055F92B /* Foundation.framework in Frameworks */ = {isa = PBXBuildFile; fileRef = 45B870B01908FDC10055F92B /* Foundation.framework */; };
		45B870D21908FDC10055F92B /* UIKit.framework in Frameworks */ = {isa = PBXBuildFile; fileRef = 45B870B41908FDC10055F92B /* UIKit.framework */; };
		45B870DA1908FDC10055F92B /* InfoPlist.strings in Resources */ = {isa = PBXBuildFile; fileRef = 45B870D81908FDC10055F92B /* InfoPlist.strings */; };
		45B870DC1908FDC10055F92B /* DoodleDemoTests.m in Sources */ = {isa = PBXBuildFile; fileRef = 45B870DB1908FDC10055F92B /* DoodleDemoTests.m */; };
		45B870F11908FEA20055F92B /* HTCustomSlider.m in Sources */ = {isa = PBXBuildFile; fileRef = 45B870E81908FEA20055F92B /* HTCustomSlider.m */; };
		45B870F21908FEA20055F92B /* HTBezierPath.m in Sources */ = {isa = PBXBuildFile; fileRef = 45B870EA1908FEA20055F92B /* HTBezierPath.m */; };
		45B870F31908FEA20055F92B /* _HTDoodleDrawView.m in Sources */ = {isa = PBXBuildFile; fileRef = 45B870EC1908FEA20055F92B /* _HTDoodleDrawView.m */; };
		45B870F41908FEA20055F92B /* HTDoodleDrawView.m in Sources */ = {isa = PBXBuildFile; fileRef = 45B870EE1908FEA20055F92B /* HTDoodleDrawView.m */; };
		45B870F51908FEA20055F92B /* HTDoodleViewController.m in Sources */ = {isa = PBXBuildFile; fileRef = 45B870F01908FEA20055F92B /* HTDoodleViewController.m */; };
		45B870FF1908FEC10055F92B /* HTHuePickerView.m in Sources */ = {isa = PBXBuildFile; fileRef = 45B870F81908FEC10055F92B /* HTHuePickerView.m */; };
		45B871001908FEC10055F92B /* HTBrightnessSlider.m in Sources */ = {isa = PBXBuildFile; fileRef = 45B870FA1908FEC10055F92B /* HTBrightnessSlider.m */; };
		45B871011908FEC10055F92B /* HTAlphaSlider.m in Sources */ = {isa = PBXBuildFile; fileRef = 45B870FC1908FEC10055F92B /* HTAlphaSlider.m */; };
		45B871021908FEC10055F92B /* HTHSVPickerView.m in Sources */ = {isa = PBXBuildFile; fileRef = 45B870FE1908FEC10055F92B /* HTHSVPickerView.m */; };
		45B871331908FF240055F92B /* doodle_color_transparency.png in Resources */ = {isa = PBXBuildFile; fileRef = 45B871051908FF240055F92B /* doodle_color_transparency.png */; };
		45B871341908FF240055F92B /* doodle_color_transparency@2x.png in Resources */ = {isa = PBXBuildFile; fileRef = 45B871061908FF240055F92B /* doodle_color_transparency@2x.png */; };
		45B871351908FF240055F92B /* doodle_pop_up_triangle@2x.png in Resources */ = {isa = PBXBuildFile; fileRef = 45B871071908FF240055F92B /* doodle_pop_up_triangle@2x.png */; };
		45B871361908FF240055F92B /* doodle_pop_up_triangle.png in Resources */ = {isa = PBXBuildFile; fileRef = 45B871081908FF240055F92B /* doodle_pop_up_triangle.png */; };
		45B871371908FF240055F92B /* doodle_photo.png in Resources */ = {isa = PBXBuildFile; fileRef = 45B871091908FF240055F92B /* doodle_photo.png */; };
		45B871381908FF240055F92B /* doodle_photo@2x.png in Resources */ = {isa = PBXBuildFile; fileRef = 45B8710A1908FF240055F92B /* doodle_photo@2x.png */; };
		45B871391908FF240055F92B /* common_blue_btn.png in Resources */ = {isa = PBXBuildFile; fileRef = 45B8710B1908FF240055F92B /* common_blue_btn.png */; };
		45B8713A1908FF240055F92B /* common_blue_btn@2x.png in Resources */ = {isa = PBXBuildFile; fileRef = 45B8710C1908FF240055F92B /* common_blue_btn@2x.png */; };
		45B8713B1908FF240055F92B /* common_white_btn.png in Resources */ = {isa = PBXBuildFile; fileRef = 45B8710D1908FF240055F92B /* common_white_btn.png */; };
		45B8713C1908FF240055F92B /* common_white_btn@2x.png in Resources */ = {isa = PBXBuildFile; fileRef = 45B8710E1908FF240055F92B /* common_white_btn@2x.png */; };
		45B8713D1908FF240055F92B /* doodle_color_colordisc.png in Resources */ = {isa = PBXBuildFile; fileRef = 45B8710F1908FF240055F92B /* doodle_color_colordisc.png */; };
		45B8713E1908FF240055F92B /* doodle_color_colordisc@2x.png in Resources */ = {isa = PBXBuildFile; fileRef = 45B871101908FF240055F92B /* doodle_color_colordisc@2x.png */; };
		45B8713F1908FF240055F92B /* doodle_color_select.png in Resources */ = {isa = PBXBuildFile; fileRef = 45B871111908FF240055F92B /* doodle_color_select.png */; };
		45B871401908FF240055F92B /* doodle_color_select@2x.png in Resources */ = {isa = PBXBuildFile; fileRef = 45B871121908FF240055F92B /* doodle_color_select@2x.png */; };
		45B871411908FF240055F92B /* doodle_del.png in Resources */ = {isa = PBXBuildFile; fileRef = 45B871131908FF240055F92B /* doodle_del.png */; };
		45B871421908FF240055F92B /* doodle_del@2x.png in Resources */ = {isa = PBXBuildFile; fileRef = 45B871141908FF240055F92B /* doodle_del@2x.png */; };
		45B871431908FF240055F92B /* doodle_eraser.png in Resources */ = {isa = PBXBuildFile; fileRef = 45B871151908FF240055F92B /* doodle_eraser.png */; };
		45B871441908FF240055F92B /* doodle_eraser@2x.png in Resources */ = {isa = PBXBuildFile; fileRef = 45B871161908FF240055F92B /* doodle_eraser@2x.png */; };
		45B871451908FF240055F92B /* doodle_pan_size_bg.png in Resources */ = {isa = PBXBuildFile; fileRef = 45B871171908FF240055F92B /* doodle_pan_size_bg.png */; };
		45B871461908FF240055F92B /* doodle_pan_size_bg@2x.png in Resources */ = {isa = PBXBuildFile; fileRef = 45B871181908FF240055F92B /* doodle_pan_size_bg@2x.png */; };
		45B871471908FF240055F92B /* doodle_pan_size_frame.png in Resources */ = {isa = PBXBuildFile; fileRef = 45B871191908FF240055F92B /* doodle_pan_size_frame.png */; };
		45B871481908FF240055F92B /* doodle_pan_size_frame@2x.png in Resources */ = {isa = PBXBuildFile; fileRef = 45B8711A1908FF240055F92B /* doodle_pan_size_frame@2x.png */; };
		45B871491908FF240055F92B /* doodle_pan_size_handle.png in Resources */ = {isa = PBXBuildFile; fileRef = 45B8711B1908FF240055F92B /* doodle_pan_size_handle.png */; };
		45B8714A1908FF240055F92B /* doodle_pan_size_handle@2x.png in Resources */ = {isa = PBXBuildFile; fileRef = 45B8711C1908FF240055F92B /* doodle_pan_size_handle@2x.png */; };
		45B8714B1908FF240055F92B /* doodle_pan_size_trend.png in Resources */ = {isa = PBXBuildFile; fileRef = 45B8711D1908FF240055F92B /* doodle_pan_size_trend.png */; };
		45B8714C1908FF240055F92B /* doodle_pan_size_trend@2x.png in Resources */ = {isa = PBXBuildFile; fileRef = 45B8711E1908FF240055F92B /* doodle_pan_size_trend@2x.png */; };
		45B8714D1908FF240055F92B /* doodle_pan.png in Resources */ = {isa = PBXBuildFile; fileRef = 45B8711F1908FF240055F92B /* doodle_pan.png */; };
		45B8714E1908FF240055F92B /* doodle_pan@2x.png in Resources */ = {isa = PBXBuildFile; fileRef = 45B871201908FF240055F92B /* doodle_pan@2x.png */; };
		45B8714F1908FF240055F92B /* doodle_pop_up_bg.png in Resources */ = {isa = PBXBuildFile; fileRef = 45B871211908FF240055F92B /* doodle_pop_up_bg.png */; };
		45B871501908FF240055F92B /* doodle_pop_up_bg@2x.png in Resources */ = {isa = PBXBuildFile; fileRef = 45B871221908FF240055F92B /* doodle_pop_up_bg@2x.png */; };
		45B871511908FF240055F92B /* doodle_redo.png in Resources */ = {isa = PBXBuildFile; fileRef = 45B871231908FF240055F92B /* doodle_redo.png */; };
		45B871521908FF240055F92B /* doodle_redo@2x.png in Resources */ = {isa = PBXBuildFile; fileRef = 45B871241908FF240055F92B /* doodle_redo@2x.png */; };
		45B871531908FF240055F92B /* doodle_set_color_bg.png in Resources */ = {isa = PBXBuildFile; fileRef = 45B871251908FF240055F92B /* doodle_set_color_bg.png */; };
		45B871541908FF240055F92B /* doodle_set_color_bg@2x.png in Resources */ = {isa = PBXBuildFile; fileRef = 45B871261908FF240055F92B /* doodle_set_color_bg@2x.png */; };
		45B871551908FF240055F92B /* doodle_set_color_colordisc.png in Resources */ = {isa = PBXBuildFile; fileRef = 45B871271908FF240055F92B /* doodle_set_color_colordisc.png */; };
		45B871561908FF240055F92B /* doodle_set_color_colordisc@2x.png in Resources */ = {isa = PBXBuildFile; fileRef = 45B871281908FF240055F92B /* doodle_set_color_colordisc@2x.png */; };
		45B871571908FF240055F92B /* doodle_set_color_loop.png in Resources */ = {isa = PBXBuildFile; fileRef = 45B871291908FF240055F92B /* doodle_set_color_loop.png */; };
		45B871581908FF240055F92B /* doodle_set_color_loop@2x.png in Resources */ = {isa = PBXBuildFile; fileRef = 45B8712A1908FF240055F92B /* doodle_set_color_loop@2x.png */; };
		45B871591908FF240055F92B /* doodle_set_color_transparency_loop.png in Resources */ = {isa = PBXBuildFile; fileRef = 45B8712B1908FF240055F92B /* doodle_set_color_transparency_loop.png */; };
		45B8715A1908FF240055F92B /* doodle_set_color_transparency_loop@2x.png in Resources */ = {isa = PBXBuildFile; fileRef = 45B8712C1908FF240055F92B /* doodle_set_color_transparency_loop@2x.png */; };
		45B8715B1908FF240055F92B /* doodle_set_color_transparency.png in Resources */ = {isa = PBXBuildFile; fileRef = 45B8712D1908FF240055F92B /* doodle_set_color_transparency.png */; };
		45B8715C1908FF240055F92B /* doodle_set_color_transparency@2x.png in Resources */ = {isa = PBXBuildFile; fileRef = 45B8712E1908FF240055F92B /* doodle_set_color_transparency@2x.png */; };
		45B8715D1908FF240055F92B /* doodle_transparency.png in Resources */ = {isa = PBXBuildFile; fileRef = 45B8712F1908FF240055F92B /* doodle_transparency.png */; };
		45B8715E1908FF240055F92B /* doodle_transparency@2x.png in Resources */ = {isa = PBXBuildFile; fileRef = 45B871301908FF240055F92B /* doodle_transparency@2x.png */; };
		45B8715F1908FF240055F92B /* doodle_undo.png in Resources */ = {isa = PBXBuildFile; fileRef = 45B871311908FF240055F92B /* doodle_undo.png */; };
		45B871601908FF240055F92B /* doodle_undo@2x.png in Resources */ = {isa = PBXBuildFile; fileRef = 45B871321908FF240055F92B /* doodle_undo@2x.png */; };
		45B871641908FFA80055F92B /* UIDevice+HT.m in Sources */ = {isa = PBXBuildFile; fileRef = 45B871631908FFA80055F92B /* UIDevice+HT.m */; };
		45B8716A1909011D0055F92B /* HTImagePickerController.m in Sources */ = {isa = PBXBuildFile; fileRef = 45B871691909011D0055F92B /* HTImagePickerController.m */; };
		45B87170190901480055F92B /* HTImageCroperView.m in Sources */ = {isa = PBXBuildFile; fileRef = 45B8716D190901480055F92B /* HTImageCroperView.m */; };
		45B87171190901480055F92B /* HTImageCroperViewController.m in Sources */ = {isa = PBXBuildFile; fileRef = 45B8716F190901480055F92B /* HTImageCroperViewController.m */; };
		45B87174190901700055F92B /* HTCroperMaskView.m in Sources */ = {isa = PBXBuildFile; fileRef = 45B87173190901700055F92B /* HTCroperMaskView.m */; };
		45B8717A190901BE0055F92B /* UIImage-Extension.m in Sources */ = {isa = PBXBuildFile; fileRef = 45B87179190901BE0055F92B /* UIImage-Extension.m */; };
		45B8717E190902050055F92B /* HSV.c in Sources */ = {isa = PBXBuildFile; fileRef = 45B8717D190902050055F92B /* HSV.c */; };
		45B8718B1909063D0055F92B /* MBProgressHUD.m in Sources */ = {isa = PBXBuildFile; fileRef = 45B8718A1909063D0055F92B /* MBProgressHUD.m */; };
		45B8718E190907160055F92B /* UIColor+HT.m in Sources */ = {isa = PBXBuildFile; fileRef = 45B8718D190907160055F92B /* UIColor+HT.m */; };
		45B87194190908250055F92B /* UIView+HT.m in Sources */ = {isa = PBXBuildFile; fileRef = 45B87193190908250055F92B /* UIView+HT.m */; };
		45B871971909085A0055F92B /* HTActionSheet.m in Sources */ = {isa = PBXBuildFile; fileRef = 45B871961909085A0055F92B /* HTActionSheet.m */; };
		45B8719A190908FD0055F92B /* NSObject+HT.m in Sources */ = {isa = PBXBuildFile; fileRef = 45B87199190908FD0055F92B /* NSObject+HT.m */; };
		45B8719D190909A10055F92B /* NSDictionary+HT.m in Sources */ = {isa = PBXBuildFile; fileRef = 45B8719C190909A10055F92B /* NSDictionary+HT.m */; };
/* End PBXBuildFile section */

/* Begin PBXContainerItemProxy section */
		45B870D31908FDC10055F92B /* PBXContainerItemProxy */ = {
			isa = PBXContainerItemProxy;
			containerPortal = 45B870A51908FDC10055F92B /* Project object */;
			proxyType = 1;
			remoteGlobalIDString = 45B870AC1908FDC10055F92B;
			remoteInfo = DoodleDemo;
		};
/* End PBXContainerItemProxy section */

/* Begin PBXFileReference section */
		4504438C190F3E3D00995685 /* HTWhiteBoradViewController.h */ = {isa = PBXFileReference; fileEncoding = 4; lastKnownFileType = sourcecode.c.h; path = HTWhiteBoradViewController.h; sourceTree = "<group>"; };
		4504438D190F3E3D00995685 /* HTWhiteBoradViewController.m */ = {isa = PBXFileReference; fileEncoding = 4; lastKnownFileType = sourcecode.c.objc; path = HTWhiteBoradViewController.m; sourceTree = "<group>"; };
		4504438F190F474C00995685 /* setp_back_mark@2x.png */ = {isa = PBXFileReference; lastKnownFileType = image.png; path = "setp_back_mark@2x.png"; sourceTree = "<group>"; };
		45044393190F47C500995685 /* emoji_delete@2x.png */ = {isa = PBXFileReference; lastKnownFileType = image.png; path = "emoji_delete@2x.png"; sourceTree = "<group>"; };
		459D2B15190DEC6B00688946 /* HTHandWritingView.h */ = {isa = PBXFileReference; fileEncoding = 4; lastKnownFileType = sourcecode.c.h; path = HTHandWritingView.h; sourceTree = "<group>"; };
		459D2B16190DEC6B00688946 /* HTHandWritingView.m */ = {isa = PBXFileReference; fileEncoding = 4; lastKnownFileType = sourcecode.c.objc; path = HTHandWritingView.m; sourceTree = "<group>"; };
		459D2B18190DF41B00688946 /* HTImageEditView.h */ = {isa = PBXFileReference; fileEncoding = 4; lastKnownFileType = sourcecode.c.h; path = HTImageEditView.h; sourceTree = "<group>"; };
		459D2B19190DF41B00688946 /* HTImageEditView.m */ = {isa = PBXFileReference; fileEncoding = 4; lastKnownFileType = sourcecode.c.objc; path = HTImageEditView.m; sourceTree = "<group>"; };
		459D2B1F190E452800688946 /* cursor2@2x.png */ = {isa = PBXFileReference; lastKnownFileType = image.png; path = "cursor2@2x.png"; sourceTree = "<group>"; };
		459D2B21190E4DC000688946 /* cursor1@2x.png */ = {isa = PBXFileReference; lastKnownFileType = image.png; path = "cursor1@2x.png"; sourceTree = "<group>"; };
		45B870AD1908FDC10055F92B /* DoodleDemo.app */ = {isa = PBXFileReference; explicitFileType = wrapper.application; includeInIndex = 0; path = DoodleDemo.app; sourceTree = BUILT_PRODUCTS_DIR; };
		45B870B01908FDC10055F92B /* Foundation.framework */ = {isa = PBXFileReference; lastKnownFileType = wrapper.framework; name = Foundation.framework; path = System/Library/Frameworks/Foundation.framework; sourceTree = SDKROOT; };
		45B870B21908FDC10055F92B /* CoreGraphics.framework */ = {isa = PBXFileReference; lastKnownFileType = wrapper.framework; name = CoreGraphics.framework; path = System/Library/Frameworks/CoreGraphics.framework; sourceTree = SDKROOT; };
		45B870B41908FDC10055F92B /* UIKit.framework */ = {isa = PBXFileReference; lastKnownFileType = wrapper.framework; name = UIKit.framework; path = System/Library/Frameworks/UIKit.framework; sourceTree = SDKROOT; };
		45B870B81908FDC10055F92B /* DoodleDemo-Info.plist */ = {isa = PBXFileReference; lastKnownFileType = text.plist.xml; path = "DoodleDemo-Info.plist"; sourceTree = "<group>"; };
		45B870BA1908FDC10055F92B /* en */ = {isa = PBXFileReference; lastKnownFileType = text.plist.strings; name = en; path = en.lproj/InfoPlist.strings; sourceTree = "<group>"; };
		45B870BC1908FDC10055F92B /* main.m */ = {isa = PBXFileReference; lastKnownFileType = sourcecode.c.objc; path = main.m; sourceTree = "<group>"; };
		45B870BE1908FDC10055F92B /* DoodleDemo-Prefix.pch */ = {isa = PBXFileReference; lastKnownFileType = sourcecode.c.h; path = "DoodleDemo-Prefix.pch"; sourceTree = "<group>"; };
		45B870BF1908FDC10055F92B /* AppDelegate.h */ = {isa = PBXFileReference; lastKnownFileType = sourcecode.c.h; path = AppDelegate.h; sourceTree = "<group>"; };
		45B870C01908FDC10055F92B /* AppDelegate.m */ = {isa = PBXFileReference; lastKnownFileType = sourcecode.c.objc; path = AppDelegate.m; sourceTree = "<group>"; };
		45B870C81908FDC10055F92B /* Images.xcassets */ = {isa = PBXFileReference; lastKnownFileType = folder.assetcatalog; path = Images.xcassets; sourceTree = "<group>"; };
		45B870CE1908FDC10055F92B /* DoodleDemoTests.xctest */ = {isa = PBXFileReference; explicitFileType = wrapper.cfbundle; includeInIndex = 0; path = DoodleDemoTests.xctest; sourceTree = BUILT_PRODUCTS_DIR; };
		45B870CF1908FDC10055F92B /* XCTest.framework */ = {isa = PBXFileReference; lastKnownFileType = wrapper.framework; name = XCTest.framework; path = Library/Frameworks/XCTest.framework; sourceTree = DEVELOPER_DIR; };
		45B870D71908FDC10055F92B /* DoodleDemoTests-Info.plist */ = {isa = PBXFileReference; lastKnownFileType = text.plist.xml; path = "DoodleDemoTests-Info.plist"; sourceTree = "<group>"; };
		45B870D91908FDC10055F92B /* en */ = {isa = PBXFileReference; lastKnownFileType = text.plist.strings; name = en; path = en.lproj/InfoPlist.strings; sourceTree = "<group>"; };
		45B870DB1908FDC10055F92B /* DoodleDemoTests.m */ = {isa = PBXFileReference; lastKnownFileType = sourcecode.c.objc; path = DoodleDemoTests.m; sourceTree = "<group>"; };
		45B870E71908FEA20055F92B /* HTCustomSlider.h */ = {isa = PBXFileReference; fileEncoding = 4; lastKnownFileType = sourcecode.c.h; path = HTCustomSlider.h; sourceTree = "<group>"; };
		45B870E81908FEA20055F92B /* HTCustomSlider.m */ = {isa = PBXFileReference; fileEncoding = 4; lastKnownFileType = sourcecode.c.objc; path = HTCustomSlider.m; sourceTree = "<group>"; };
		45B870E91908FEA20055F92B /* HTBezierPath.h */ = {isa = PBXFileReference; fileEncoding = 4; lastKnownFileType = sourcecode.c.h; path = HTBezierPath.h; sourceTree = "<group>"; };
		45B870EA1908FEA20055F92B /* HTBezierPath.m */ = {isa = PBXFileReference; fileEncoding = 4; lastKnownFileType = sourcecode.c.objc; path = HTBezierPath.m; sourceTree = "<group>"; };
		45B870EB1908FEA20055F92B /* _HTDoodleDrawView.h */ = {isa = PBXFileReference; fileEncoding = 4; lastKnownFileType = sourcecode.c.h; path = _HTDoodleDrawView.h; sourceTree = "<group>"; };
		45B870EC1908FEA20055F92B /* _HTDoodleDrawView.m */ = {isa = PBXFileReference; fileEncoding = 4; lastKnownFileType = sourcecode.c.objc; path = _HTDoodleDrawView.m; sourceTree = "<group>"; };
		45B870ED1908FEA20055F92B /* HTDoodleDrawView.h */ = {isa = PBXFileReference; fileEncoding = 4; lastKnownFileType = sourcecode.c.h; path = HTDoodleDrawView.h; sourceTree = "<group>"; };
		45B870EE1908FEA20055F92B /* HTDoodleDrawView.m */ = {isa = PBXFileReference; fileEncoding = 4; lastKnownFileType = sourcecode.c.objc; path = HTDoodleDrawView.m; sourceTree = "<group>"; };
		45B870EF1908FEA20055F92B /* HTDoodleViewController.h */ = {isa = PBXFileReference; fileEncoding = 4; lastKnownFileType = sourcecode.c.h; path = HTDoodleViewController.h; sourceTree = "<group>"; };
		45B870F01908FEA20055F92B /* HTDoodleViewController.m */ = {isa = PBXFileReference; fileEncoding = 4; lastKnownFileType = sourcecode.c.objc; path = HTDoodleViewController.m; sourceTree = "<group>"; };
		45B870F71908FEC10055F92B /* HTHuePickerView.h */ = {isa = PBXFileReference; fileEncoding = 4; lastKnownFileType = sourcecode.c.h; path = HTHuePickerView.h; sourceTree = "<group>"; };
		45B870F81908FEC10055F92B /* HTHuePickerView.m */ = {isa = PBXFileReference; fileEncoding = 4; lastKnownFileType = sourcecode.c.objc; path = HTHuePickerView.m; sourceTree = "<group>"; };
		45B870F91908FEC10055F92B /* HTBrightnessSlider.h */ = {isa = PBXFileReference; fileEncoding = 4; lastKnownFileType = sourcecode.c.h; path = HTBrightnessSlider.h; sourceTree = "<group>"; };
		45B870FA1908FEC10055F92B /* HTBrightnessSlider.m */ = {isa = PBXFileReference; fileEncoding = 4; lastKnownFileType = sourcecode.c.objc; path = HTBrightnessSlider.m; sourceTree = "<group>"; };
		45B870FB1908FEC10055F92B /* HTAlphaSlider.h */ = {isa = PBXFileReference; fileEncoding = 4; lastKnownFileType = sourcecode.c.h; path = HTAlphaSlider.h; sourceTree = "<group>"; };
		45B870FC1908FEC10055F92B /* HTAlphaSlider.m */ = {isa = PBXFileReference; fileEncoding = 4; lastKnownFileType = sourcecode.c.objc; path = HTAlphaSlider.m; sourceTree = "<group>"; };
		45B870FD1908FEC10055F92B /* HTHSVPickerView.h */ = {isa = PBXFileReference; fileEncoding = 4; lastKnownFileType = sourcecode.c.h; path = HTHSVPickerView.h; sourceTree = "<group>"; };
		45B870FE1908FEC10055F92B /* HTHSVPickerView.m */ = {isa = PBXFileReference; fileEncoding = 4; lastKnownFileType = sourcecode.c.objc; path = HTHSVPickerView.m; sourceTree = "<group>"; };
		45B871051908FF240055F92B /* doodle_color_transparency.png */ = {isa = PBXFileReference; lastKnownFileType = image.png; path = doodle_color_transparency.png; sourceTree = "<group>"; };
		45B871061908FF240055F92B /* doodle_color_transparency@2x.png */ = {isa = PBXFileReference; lastKnownFileType = image.png; path = "doodle_color_transparency@2x.png"; sourceTree = "<group>"; };
		45B871071908FF240055F92B /* doodle_pop_up_triangle@2x.png */ = {isa = PBXFileReference; lastKnownFileType = image.png; path = "doodle_pop_up_triangle@2x.png"; sourceTree = "<group>"; };
		45B871081908FF240055F92B /* doodle_pop_up_triangle.png */ = {isa = PBXFileReference; lastKnownFileType = image.png; path = doodle_pop_up_triangle.png; sourceTree = "<group>"; };
		45B871091908FF240055F92B /* doodle_photo.png */ = {isa = PBXFileReference; lastKnownFileType = image.png; path = doodle_photo.png; sourceTree = "<group>"; };
		45B8710A1908FF240055F92B /* doodle_photo@2x.png */ = {isa = PBXFileReference; lastKnownFileType = image.png; path = "doodle_photo@2x.png"; sourceTree = "<group>"; };
		45B8710B1908FF240055F92B /* common_blue_btn.png */ = {isa = PBXFileReference; lastKnownFileType = image.png; path = common_blue_btn.png; sourceTree = "<group>"; };
		45B8710C1908FF240055F92B /* common_blue_btn@2x.png */ = {isa = PBXFileReference; lastKnownFileType = image.png; path = "common_blue_btn@2x.png"; sourceTree = "<group>"; };
		45B8710D1908FF240055F92B /* common_white_btn.png */ = {isa = PBXFileReference; lastKnownFileType = image.png; path = common_white_btn.png; sourceTree = "<group>"; };
		45B8710E1908FF240055F92B /* common_white_btn@2x.png */ = {isa = PBXFileReference; lastKnownFileType = image.png; path = "common_white_btn@2x.png"; sourceTree = "<group>"; };
		45B8710F1908FF240055F92B /* doodle_color_colordisc.png */ = {isa = PBXFileReference; lastKnownFileType = image.png; path = doodle_color_colordisc.png; sourceTree = "<group>"; };
		45B871101908FF240055F92B /* doodle_color_colordisc@2x.png */ = {isa = PBXFileReference; lastKnownFileType = image.png; path = "doodle_color_colordisc@2x.png"; sourceTree = "<group>"; };
		45B871111908FF240055F92B /* doodle_color_select.png */ = {isa = PBXFileReference; lastKnownFileType = image.png; path = doodle_color_select.png; sourceTree = "<group>"; };
		45B871121908FF240055F92B /* doodle_color_select@2x.png */ = {isa = PBXFileReference; lastKnownFileType = image.png; path = "doodle_color_select@2x.png"; sourceTree = "<group>"; };
		45B871131908FF240055F92B /* doodle_del.png */ = {isa = PBXFileReference; lastKnownFileType = image.png; path = doodle_del.png; sourceTree = "<group>"; };
		45B871141908FF240055F92B /* doodle_del@2x.png */ = {isa = PBXFileReference; lastKnownFileType = image.png; path = "doodle_del@2x.png"; sourceTree = "<group>"; };
		45B871151908FF240055F92B /* doodle_eraser.png */ = {isa = PBXFileReference; lastKnownFileType = image.png; path = doodle_eraser.png; sourceTree = "<group>"; };
		45B871161908FF240055F92B /* doodle_eraser@2x.png */ = {isa = PBXFileReference; lastKnownFileType = image.png; path = "doodle_eraser@2x.png"; sourceTree = "<group>"; };
		45B871171908FF240055F92B /* doodle_pan_size_bg.png */ = {isa = PBXFileReference; lastKnownFileType = image.png; path = doodle_pan_size_bg.png; sourceTree = "<group>"; };
		45B871181908FF240055F92B /* doodle_pan_size_bg@2x.png */ = {isa = PBXFileReference; lastKnownFileType = image.png; path = "doodle_pan_size_bg@2x.png"; sourceTree = "<group>"; };
		45B871191908FF240055F92B /* doodle_pan_size_frame.png */ = {isa = PBXFileReference; lastKnownFileType = image.png; path = doodle_pan_size_frame.png; sourceTree = "<group>"; };
		45B8711A1908FF240055F92B /* doodle_pan_size_frame@2x.png */ = {isa = PBXFileReference; lastKnownFileType = image.png; path = "doodle_pan_size_frame@2x.png"; sourceTree = "<group>"; };
		45B8711B1908FF240055F92B /* doodle_pan_size_handle.png */ = {isa = PBXFileReference; lastKnownFileType = image.png; path = doodle_pan_size_handle.png; sourceTree = "<group>"; };
		45B8711C1908FF240055F92B /* doodle_pan_size_handle@2x.png */ = {isa = PBXFileReference; lastKnownFileType = image.png; path = "doodle_pan_size_handle@2x.png"; sourceTree = "<group>"; };
		45B8711D1908FF240055F92B /* doodle_pan_size_trend.png */ = {isa = PBXFileReference; lastKnownFileType = image.png; path = doodle_pan_size_trend.png; sourceTree = "<group>"; };
		45B8711E1908FF240055F92B /* doodle_pan_size_trend@2x.png */ = {isa = PBXFileReference; lastKnownFileType = image.png; path = "doodle_pan_size_trend@2x.png"; sourceTree = "<group>"; };
		45B8711F1908FF240055F92B /* doodle_pan.png */ = {isa = PBXFileReference; lastKnownFileType = image.png; path = doodle_pan.png; sourceTree = "<group>"; };
		45B871201908FF240055F92B /* doodle_pan@2x.png */ = {isa = PBXFileReference; lastKnownFileType = image.png; path = "doodle_pan@2x.png"; sourceTree = "<group>"; };
		45B871211908FF240055F92B /* doodle_pop_up_bg.png */ = {isa = PBXFileReference; lastKnownFileType = image.png; path = doodle_pop_up_bg.png; sourceTree = "<group>"; };
		45B871221908FF240055F92B /* doodle_pop_up_bg@2x.png */ = {isa = PBXFileReference; lastKnownFileType = image.png; path = "doodle_pop_up_bg@2x.png"; sourceTree = "<group>"; };
		45B871231908FF240055F92B /* doodle_redo.png */ = {isa = PBXFileReference; lastKnownFileType = image.png; path = doodle_redo.png; sourceTree = "<group>"; };
		45B871241908FF240055F92B /* doodle_redo@2x.png */ = {isa = PBXFileReference; lastKnownFileType = image.png; path = "doodle_redo@2x.png"; sourceTree = "<group>"; };
		45B871251908FF240055F92B /* doodle_set_color_bg.png */ = {isa = PBXFileReference; lastKnownFileType = image.png; path = doodle_set_color_bg.png; sourceTree = "<group>"; };
		45B871261908FF240055F92B /* doodle_set_color_bg@2x.png */ = {isa = PBXFileReference; lastKnownFileType = image.png; path = "doodle_set_color_bg@2x.png"; sourceTree = "<group>"; };
		45B871271908FF240055F92B /* doodle_set_color_colordisc.png */ = {isa = PBXFileReference; lastKnownFileType = image.png; path = doodle_set_color_colordisc.png; sourceTree = "<group>"; };
		45B871281908FF240055F92B /* doodle_set_color_colordisc@2x.png */ = {isa = PBXFileReference; lastKnownFileType = image.png; path = "doodle_set_color_colordisc@2x.png"; sourceTree = "<group>"; };
		45B871291908FF240055F92B /* doodle_set_color_loop.png */ = {isa = PBXFileReference; lastKnownFileType = image.png; path = doodle_set_color_loop.png; sourceTree = "<group>"; };
		45B8712A1908FF240055F92B /* doodle_set_color_loop@2x.png */ = {isa = PBXFileReference; lastKnownFileType = image.png; path = "doodle_set_color_loop@2x.png"; sourceTree = "<group>"; };
		45B8712B1908FF240055F92B /* doodle_set_color_transparency_loop.png */ = {isa = PBXFileReference; lastKnownFileType = image.png; path = doodle_set_color_transparency_loop.png; sourceTree = "<group>"; };
		45B8712C1908FF240055F92B /* doodle_set_color_transparency_loop@2x.png */ = {isa = PBXFileReference; lastKnownFileType = image.png; path = "doodle_set_color_transparency_loop@2x.png"; sourceTree = "<group>"; };
		45B8712D1908FF240055F92B /* doodle_set_color_transparency.png */ = {isa = PBXFileReference; lastKnownFileType = image.png; path = doodle_set_color_transparency.png; sourceTree = "<group>"; };
		45B8712E1908FF240055F92B /* doodle_set_color_transparency@2x.png */ = {isa = PBXFileReference; lastKnownFileType = image.png; path = "doodle_set_color_transparency@2x.png"; sourceTree = "<group>"; };
		45B8712F1908FF240055F92B /* doodle_transparency.png */ = {isa = PBXFileReference; lastKnownFileType = image.png; path = doodle_transparency.png; sourceTree = "<group>"; };
		45B871301908FF240055F92B /* doodle_transparency@2x.png */ = {isa = PBXFileReference; lastKnownFileType = image.png; path = "doodle_transparency@2x.png"; sourceTree = "<group>"; };
		45B871311908FF240055F92B /* doodle_undo.png */ = {isa = PBXFileReference; lastKnownFileType = image.png; path = doodle_undo.png; sourceTree = "<group>"; };
		45B871321908FF240055F92B /* doodle_undo@2x.png */ = {isa = PBXFileReference; lastKnownFileType = image.png; path = "doodle_undo@2x.png"; sourceTree = "<group>"; };
		45B871621908FFA80055F92B /* UIDevice+HT.h */ = {isa = PBXFileReference; fileEncoding = 4; lastKnownFileType = sourcecode.c.h; path = "UIDevice+HT.h"; sourceTree = "<group>"; };
		45B871631908FFA80055F92B /* UIDevice+HT.m */ = {isa = PBXFileReference; fileEncoding = 4; lastKnownFileType = sourcecode.c.objc; path = "UIDevice+HT.m"; sourceTree = "<group>"; };
		45B871651909003B0055F92B /* HTCategory.h */ = {isa = PBXFileReference; fileEncoding = 4; lastKnownFileType = sourcecode.c.h; path = HTCategory.h; sourceTree = "<group>"; };
		45B871681909011D0055F92B /* HTImagePickerController.h */ = {isa = PBXFileReference; fileEncoding = 4; lastKnownFileType = sourcecode.c.h; path = HTImagePickerController.h; sourceTree = "<group>"; };
		45B871691909011D0055F92B /* HTImagePickerController.m */ = {isa = PBXFileReference; fileEncoding = 4; lastKnownFileType = sourcecode.c.objc; path = HTImagePickerController.m; sourceTree = "<group>"; };
		45B8716C190901480055F92B /* HTImageCroperView.h */ = {isa = PBXFileReference; fileEncoding = 4; lastKnownFileType = sourcecode.c.h; path = HTImageCroperView.h; sourceTree = "<group>"; };
		45B8716D190901480055F92B /* HTImageCroperView.m */ = {isa = PBXFileReference; fileEncoding = 4; lastKnownFileType = sourcecode.c.objc; path = HTImageCroperView.m; sourceTree = "<group>"; };
		45B8716E190901480055F92B /* HTImageCroperViewController.h */ = {isa = PBXFileReference; fileEncoding = 4; lastKnownFileType = sourcecode.c.h; path = HTImageCroperViewController.h; sourceTree = "<group>"; };
		45B8716F190901480055F92B /* HTImageCroperViewController.m */ = {isa = PBXFileReference; fileEncoding = 4; lastKnownFileType = sourcecode.c.objc; path = HTImageCroperViewController.m; sourceTree = "<group>"; };
		45B87172190901700055F92B /* HTCroperMaskView.h */ = {isa = PBXFileReference; fileEncoding = 4; lastKnownFileType = sourcecode.c.h; path = HTCroperMaskView.h; sourceTree = "<group>"; };
		45B87173190901700055F92B /* HTCroperMaskView.m */ = {isa = PBXFileReference; fileEncoding = 4; lastKnownFileType = sourcecode.c.objc; path = HTCroperMaskView.m; sourceTree = "<group>"; };
		45B87178190901BE0055F92B /* UIImage-Extension.h */ = {isa = PBXFileReference; fileEncoding = 4; lastKnownFileType = sourcecode.c.h; path = "UIImage-Extension.h"; sourceTree = "<group>"; };
		45B87179190901BE0055F92B /* UIImage-Extension.m */ = {isa = PBXFileReference; fileEncoding = 4; lastKnownFileType = sourcecode.c.objc; path = "UIImage-Extension.m"; sourceTree = "<group>"; };
		45B8717C190902050055F92B /* HSV.h */ = {isa = PBXFileReference; fileEncoding = 4; lastKnownFileType = sourcecode.c.h; path = HSV.h; sourceTree = "<group>"; };
		45B8717D190902050055F92B /* HSV.c */ = {isa = PBXFileReference; fileEncoding = 4; lastKnownFileType = sourcecode.c.c; path = HSV.c; sourceTree = "<group>"; };
		45B871891909063D0055F92B /* MBProgressHUD.h */ = {isa = PBXFileReference; fileEncoding = 4; lastKnownFileType = sourcecode.c.h; path = MBProgressHUD.h; sourceTree = "<group>"; };
		45B8718A1909063D0055F92B /* MBProgressHUD.m */ = {isa = PBXFileReference; fileEncoding = 4; lastKnownFileType = sourcecode.c.objc; path = MBProgressHUD.m; sourceTree = "<group>"; };
		45B8718C190907160055F92B /* UIColor+HT.h */ = {isa = PBXFileReference; fileEncoding = 4; lastKnownFileType = sourcecode.c.h; path = "UIColor+HT.h"; sourceTree = "<group>"; };
		45B8718D190907160055F92B /* UIColor+HT.m */ = {isa = PBXFileReference; fileEncoding = 4; lastKnownFileType = sourcecode.c.objc; path = "UIColor+HT.m"; sourceTree = "<group>"; };
		45B87191190907CD0055F92B /* HTMacros.h */ = {isa = PBXFileReference; fileEncoding = 4; lastKnownFileType = sourcecode.c.h; path = HTMacros.h; sourceTree = "<group>"; };
		45B87192190908250055F92B /* UIView+HT.h */ = {isa = PBXFileReference; fileEncoding = 4; lastKnownFileType = sourcecode.c.h; path = "UIView+HT.h"; sourceTree = "<group>"; };
		45B87193190908250055F92B /* UIView+HT.m */ = {isa = PBXFileReference; fileEncoding = 4; lastKnownFileType = sourcecode.c.objc; path = "UIView+HT.m"; sourceTree = "<group>"; };
		45B871951909085A0055F92B /* HTActionSheet.h */ = {isa = PBXFileReference; fileEncoding = 4; lastKnownFileType = sourcecode.c.h; path = HTActionSheet.h; sourceTree = "<group>"; };
		45B871961909085A0055F92B /* HTActionSheet.m */ = {isa = PBXFileReference; fileEncoding = 4; lastKnownFileType = sourcecode.c.objc; path = HTActionSheet.m; sourceTree = "<group>"; };
		45B87198190908FD0055F92B /* NSObject+HT.h */ = {isa = PBXFileReference; fileEncoding = 4; lastKnownFileType = sourcecode.c.h; path = "NSObject+HT.h"; sourceTree = "<group>"; };
		45B87199190908FD0055F92B /* NSObject+HT.m */ = {isa = PBXFileReference; fileEncoding = 4; lastKnownFileType = sourcecode.c.objc; path = "NSObject+HT.m"; sourceTree = "<group>"; };
		45B8719B190909A10055F92B /* NSDictionary+HT.h */ = {isa = PBXFileReference; fileEncoding = 4; lastKnownFileType = sourcecode.c.h; path = "NSDictionary+HT.h"; sourceTree = "<group>"; };
		45B8719C190909A10055F92B /* NSDictionary+HT.m */ = {isa = PBXFileReference; fileEncoding = 4; lastKnownFileType = sourcecode.c.objc; path = "NSDictionary+HT.m"; sourceTree = "<group>"; };
/* End PBXFileReference section */

/* Begin PBXFrameworksBuildPhase section */
		45B870AA1908FDC10055F92B /* Frameworks */ = {
			isa = PBXFrameworksBuildPhase;
			buildActionMask = 2147483647;
			files = (
				45B870B31908FDC10055F92B /* CoreGraphics.framework in Frameworks */,
				45B870B51908FDC10055F92B /* UIKit.framework in Frameworks */,
				45B870B11908FDC10055F92B /* Foundation.framework in Frameworks */,
			);
			runOnlyForDeploymentPostprocessing = 0;
		};
		45B870CB1908FDC10055F92B /* Frameworks */ = {
			isa = PBXFrameworksBuildPhase;
			buildActionMask = 2147483647;
			files = (
				45B870D01908FDC10055F92B /* XCTest.framework in Frameworks */,
				45B870D21908FDC10055F92B /* UIKit.framework in Frameworks */,
				45B870D11908FDC10055F92B /* Foundation.framework in Frameworks */,
			);
			runOnlyForDeploymentPostprocessing = 0;
		};
/* End PBXFrameworksBuildPhase section */

/* Begin PBXGroup section */
		45B870A41908FDC10055F92B = {
			isa = PBXGroup;
			children = (
				45B87190190907A80055F92B /* Common */,
				45B871031908FF0E0055F92B /* Resource */,
				45B87166190900FF0055F92B /* HTUIKit */,
				45B87167190900FF0055F92B /* ThirdLibrary */,
				45B871611908FF7D0055F92B /* Category */,
				45B870B61908FDC10055F92B /* DoodleDemo */,
				45B870D51908FDC10055F92B /* DoodleDemoTests */,
				45B870AF1908FDC10055F92B /* Frameworks */,
				45B870AE1908FDC10055F92B /* Products */,
			);
			sourceTree = "<group>";
		};
		45B870AE1908FDC10055F92B /* Products */ = {
			isa = PBXGroup;
			children = (
				45B870AD1908FDC10055F92B /* DoodleDemo.app */,
				45B870CE1908FDC10055F92B /* DoodleDemoTests.xctest */,
			);
			name = Products;
			sourceTree = "<group>";
		};
		45B870AF1908FDC10055F92B /* Frameworks */ = {
			isa = PBXGroup;
			children = (
				45B870B01908FDC10055F92B /* Foundation.framework */,
				45B870B21908FDC10055F92B /* CoreGraphics.framework */,
				45B870B41908FDC10055F92B /* UIKit.framework */,
				45B870CF1908FDC10055F92B /* XCTest.framework */,
			);
			name = Frameworks;
			sourceTree = "<group>";
		};
		45B870B61908FDC10055F92B /* DoodleDemo */ = {
			isa = PBXGroup;
			children = (
				45B870E51908FE7F0055F92B /* Doodle */,
				45B870E61908FE7F0055F92B /* HandWriting */,
				45B870BF1908FDC10055F92B /* AppDelegate.h */,
				45B870C01908FDC10055F92B /* AppDelegate.m */,
				4504438C190F3E3D00995685 /* HTWhiteBoradViewController.h */,
				4504438D190F3E3D00995685 /* HTWhiteBoradViewController.m */,
				45B870C81908FDC10055F92B /* Images.xcassets */,
				45B870B71908FDC10055F92B /* Supporting Files */,
			);
			path = DoodleDemo;
			sourceTree = "<group>";
		};
		45B870B71908FDC10055F92B /* Supporting Files */ = {
			isa = PBXGroup;
			children = (
				45B870B81908FDC10055F92B /* DoodleDemo-Info.plist */,
				45B870B91908FDC10055F92B /* InfoPlist.strings */,
				45B870BC1908FDC10055F92B /* main.m */,
				45B870BE1908FDC10055F92B /* DoodleDemo-Prefix.pch */,
			);
			name = "Supporting Files";
			sourceTree = "<group>";
		};
		45B870D51908FDC10055F92B /* DoodleDemoTests */ = {
			isa = PBXGroup;
			children = (
				45B870DB1908FDC10055F92B /* DoodleDemoTests.m */,
				45B870D61908FDC10055F92B /* Supporting Files */,
			);
			path = DoodleDemoTests;
			sourceTree = "<group>";
		};
		45B870D61908FDC10055F92B /* Supporting Files */ = {
			isa = PBXGroup;
			children = (
				45B870D71908FDC10055F92B /* DoodleDemoTests-Info.plist */,
				45B870D81908FDC10055F92B /* InfoPlist.strings */,
			);
			name = "Supporting Files";
			sourceTree = "<group>";
		};
		45B870E51908FE7F0055F92B /* Doodle */ = {
			isa = PBXGroup;
			children = (
				45B870F61908FEB60055F92B /* ColorPicker */,
				45B870E71908FEA20055F92B /* HTCustomSlider.h */,
				45B870E81908FEA20055F92B /* HTCustomSlider.m */,
				45B870E91908FEA20055F92B /* HTBezierPath.h */,
				45B870EA1908FEA20055F92B /* HTBezierPath.m */,
				45B870EB1908FEA20055F92B /* _HTDoodleDrawView.h */,
				45B870EC1908FEA20055F92B /* _HTDoodleDrawView.m */,
				45B870ED1908FEA20055F92B /* HTDoodleDrawView.h */,
				45B870EE1908FEA20055F92B /* HTDoodleDrawView.m */,
				45B870EF1908FEA20055F92B /* HTDoodleViewController.h */,
				45B870F01908FEA20055F92B /* HTDoodleViewController.m */,
			);
			path = Doodle;
			sourceTree = "<group>";
		};
		45B870E61908FE7F0055F92B /* HandWriting */ = {
			isa = PBXGroup;
			children = (
				459D2B18190DF41B00688946 /* HTImageEditView.h */,
				459D2B19190DF41B00688946 /* HTImageEditView.m */,
				459D2B15190DEC6B00688946 /* HTHandWritingView.h */,
				459D2B16190DEC6B00688946 /* HTHandWritingView.m */,
			);
			path = HandWriting;
			sourceTree = "<group>";
		};
		45B870F61908FEB60055F92B /* ColorPicker */ = {
			isa = PBXGroup;
			children = (
				45B870F71908FEC10055F92B /* HTHuePickerView.h */,
				45B870F81908FEC10055F92B /* HTHuePickerView.m */,
				45B870F91908FEC10055F92B /* HTBrightnessSlider.h */,
				45B870FA1908FEC10055F92B /* HTBrightnessSlider.m */,
				45B870FB1908FEC10055F92B /* HTAlphaSlider.h */,
				45B870FC1908FEC10055F92B /* HTAlphaSlider.m */,
				45B870FD1908FEC10055F92B /* HTHSVPickerView.h */,
				45B870FE1908FEC10055F92B /* HTHSVPickerView.m */,
			);
			path = ColorPicker;
			sourceTree = "<group>";
		};
		45B871031908FF0E0055F92B /* Resource */ = {
			isa = PBXGroup;
			children = (
				45B871041908FF0E0055F92B /* Image */,
			);
			name = Resource;
			path = DoodleDemo/Resource;
			sourceTree = "<group>";
		};
		45B871041908FF0E0055F92B /* Image */ = {
			isa = PBXGroup;
			children = (
				45044393190F47C500995685 /* emoji_delete@2x.png */,
				4504438F190F474C00995685 /* setp_back_mark@2x.png */,
				459D2B21190E4DC000688946 /* cursor1@2x.png */,
				459D2B1F190E452800688946 /* cursor2@2x.png */,
				45B871051908FF240055F92B /* doodle_color_transparency.png */,
				45B871061908FF240055F92B /* doodle_color_transparency@2x.png */,
				45B871071908FF240055F92B /* doodle_pop_up_triangle@2x.png */,
				45B871081908FF240055F92B /* doodle_pop_up_triangle.png */,
				45B871091908FF240055F92B /* doodle_photo.png */,
				45B8710A1908FF240055F92B /* doodle_photo@2x.png */,
				45B8710B1908FF240055F92B /* common_blue_btn.png */,
				45B8710C1908FF240055F92B /* common_blue_btn@2x.png */,
				45B8710D1908FF240055F92B /* common_white_btn.png */,
				45B8710E1908FF240055F92B /* common_white_btn@2x.png */,
				45B8710F1908FF240055F92B /* doodle_color_colordisc.png */,
				45B871101908FF240055F92B /* doodle_color_colordisc@2x.png */,
				45B871111908FF240055F92B /* doodle_color_select.png */,
				45B871121908FF240055F92B /* doodle_color_select@2x.png */,
				45B871131908FF240055F92B /* doodle_del.png */,
				45B871141908FF240055F92B /* doodle_del@2x.png */,
				45B871151908FF240055F92B /* doodle_eraser.png */,
				45B871161908FF240055F92B /* doodle_eraser@2x.png */,
				45B871171908FF240055F92B /* doodle_pan_size_bg.png */,
				45B871181908FF240055F92B /* doodle_pan_size_bg@2x.png */,
				45B871191908FF240055F92B /* doodle_pan_size_frame.png */,
				45B8711A1908FF240055F92B /* doodle_pan_size_frame@2x.png */,
				45B8711B1908FF240055F92B /* doodle_pan_size_handle.png */,
				45B8711C1908FF240055F92B /* doodle_pan_size_handle@2x.png */,
				45B8711D1908FF240055F92B /* doodle_pan_size_trend.png */,
				45B8711E1908FF240055F92B /* doodle_pan_size_trend@2x.png */,
				45B8711F1908FF240055F92B /* doodle_pan.png */,
				45B871201908FF240055F92B /* doodle_pan@2x.png */,
				45B871211908FF240055F92B /* doodle_pop_up_bg.png */,
				45B871221908FF240055F92B /* doodle_pop_up_bg@2x.png */,
				45B871231908FF240055F92B /* doodle_redo.png */,
				45B871241908FF240055F92B /* doodle_redo@2x.png */,
				45B871251908FF240055F92B /* doodle_set_color_bg.png */,
				45B871261908FF240055F92B /* doodle_set_color_bg@2x.png */,
				45B871271908FF240055F92B /* doodle_set_color_colordisc.png */,
				45B871281908FF240055F92B /* doodle_set_color_colordisc@2x.png */,
				45B871291908FF240055F92B /* doodle_set_color_loop.png */,
				45B8712A1908FF240055F92B /* doodle_set_color_loop@2x.png */,
				45B8712B1908FF240055F92B /* doodle_set_color_transparency_loop.png */,
				45B8712C1908FF240055F92B /* doodle_set_color_transparency_loop@2x.png */,
				45B8712D1908FF240055F92B /* doodle_set_color_transparency.png */,
				45B8712E1908FF240055F92B /* doodle_set_color_transparency@2x.png */,
				45B8712F1908FF240055F92B /* doodle_transparency.png */,
				45B871301908FF240055F92B /* doodle_transparency@2x.png */,
				45B871311908FF240055F92B /* doodle_undo.png */,
				45B871321908FF240055F92B /* doodle_undo@2x.png */,
			);
			path = Image;
			sourceTree = "<group>";
		};
		45B871611908FF7D0055F92B /* Category */ = {
			isa = PBXGroup;
			children = (
				45B871651909003B0055F92B /* HTCategory.h */,
				45B87198190908FD0055F92B /* NSObject+HT.h */,
				45B87199190908FD0055F92B /* NSObject+HT.m */,
				45B8719B190909A10055F92B /* NSDictionary+HT.h */,
				45B8719C190909A10055F92B /* NSDictionary+HT.m */,
				45B871621908FFA80055F92B /* UIDevice+HT.h */,
				45B871631908FFA80055F92B /* UIDevice+HT.m */,
				45B87178190901BE0055F92B /* UIImage-Extension.h */,
				45B87179190901BE0055F92B /* UIImage-Extension.m */,
				45B8718C190907160055F92B /* UIColor+HT.h */,
				45B8718D190907160055F92B /* UIColor+HT.m */,
				45B87192190908250055F92B /* UIView+HT.h */,
				45B87193190908250055F92B /* UIView+HT.m */,
			);
			name = Category;
			path = DoodleDemo/Category;
			sourceTree = "<group>";
		};
		45B87166190900FF0055F92B /* HTUIKit */ = {
			isa = PBXGroup;
			children = (
				45B871951909085A0055F92B /* HTActionSheet.h */,
				45B871961909085A0055F92B /* HTActionSheet.m */,
				45B871681909011D0055F92B /* HTImagePickerController.h */,
				45B871691909011D0055F92B /* HTImagePickerController.m */,
			);
			name = HTUIKit;
			path = DoodleDemo/HTUIKit;
			sourceTree = "<group>";
		};
		45B87167190900FF0055F92B /* ThirdLibrary */ = {
			isa = PBXGroup;
			children = (
				45B87188190906320055F92B /* MBProgressHUD */,
				45B8717B190901FD0055F92B /* HSV */,
				45B8716B1909013A0055F92B /* ImageCropper */,
			);
			name = ThirdLibrary;
			path = DoodleDemo/ThirdLibrary;
			sourceTree = "<group>";
		};
		45B8716B1909013A0055F92B /* ImageCropper */ = {
			isa = PBXGroup;
			children = (
				45B87172190901700055F92B /* HTCroperMaskView.h */,
				45B87173190901700055F92B /* HTCroperMaskView.m */,
				45B8716C190901480055F92B /* HTImageCroperView.h */,
				45B8716D190901480055F92B /* HTImageCroperView.m */,
				45B8716E190901480055F92B /* HTImageCroperViewController.h */,
				45B8716F190901480055F92B /* HTImageCroperViewController.m */,
			);
			path = ImageCropper;
			sourceTree = "<group>";
		};
		45B8717B190901FD0055F92B /* HSV */ = {
			isa = PBXGroup;
			children = (
				45B8717C190902050055F92B /* HSV.h */,
				45B8717D190902050055F92B /* HSV.c */,
			);
			path = HSV;
			sourceTree = "<group>";
		};
		45B87188190906320055F92B /* MBProgressHUD */ = {
			isa = PBXGroup;
			children = (
				45B871891909063D0055F92B /* MBProgressHUD.h */,
				45B8718A1909063D0055F92B /* MBProgressHUD.m */,
			);
			path = MBProgressHUD;
			sourceTree = "<group>";
		};
		45B87190190907A80055F92B /* Common */ = {
			isa = PBXGroup;
			children = (
				45B87191190907CD0055F92B /* HTMacros.h */,
			);
			name = Common;
			path = DoodleDemo/Common;
			sourceTree = "<group>";
		};
/* End PBXGroup section */

/* Begin PBXNativeTarget section */
		45B870AC1908FDC10055F92B /* DoodleDemo */ = {
			isa = PBXNativeTarget;
			buildConfigurationList = 45B870DF1908FDC10055F92B /* Build configuration list for PBXNativeTarget "DoodleDemo" */;
			buildPhases = (
				45B870A91908FDC10055F92B /* Sources */,
				45B870AA1908FDC10055F92B /* Frameworks */,
				45B870AB1908FDC10055F92B /* Resources */,
			);
			buildRules = (
			);
			dependencies = (
			);
			name = DoodleDemo;
			productName = DoodleDemo;
			productReference = 45B870AD1908FDC10055F92B /* DoodleDemo.app */;
			productType = "com.apple.product-type.application";
		};
		45B870CD1908FDC10055F92B /* DoodleDemoTests */ = {
			isa = PBXNativeTarget;
			buildConfigurationList = 45B870E21908FDC10055F92B /* Build configuration list for PBXNativeTarget "DoodleDemoTests" */;
			buildPhases = (
				45B870CA1908FDC10055F92B /* Sources */,
				45B870CB1908FDC10055F92B /* Frameworks */,
				45B870CC1908FDC10055F92B /* Resources */,
			);
			buildRules = (
			);
			dependencies = (
				45B870D41908FDC10055F92B /* PBXTargetDependency */,
			);
			name = DoodleDemoTests;
			productName = DoodleDemoTests;
			productReference = 45B870CE1908FDC10055F92B /* DoodleDemoTests.xctest */;
			productType = "com.apple.product-type.bundle.unit-test";
		};
/* End PBXNativeTarget section */

/* Begin PBXProject section */
		45B870A51908FDC10055F92B /* Project object */ = {
			isa = PBXProject;
			attributes = {
				LastUpgradeCheck = 0510;
				ORGANIZATIONNAME = ZZ;
				TargetAttributes = {
					45B870CD1908FDC10055F92B = {
						TestTargetID = 45B870AC1908FDC10055F92B;
					};
				};
			};
			buildConfigurationList = 45B870A81908FDC10055F92B /* Build configuration list for PBXProject "DoodleDemo" */;
			compatibilityVersion = "Xcode 3.2";
			developmentRegion = English;
			hasScannedForEncodings = 0;
			knownRegions = (
				en,
				Base,
			);
			mainGroup = 45B870A41908FDC10055F92B;
			productRefGroup = 45B870AE1908FDC10055F92B /* Products */;
			projectDirPath = "";
			projectRoot = "";
			targets = (
				45B870AC1908FDC10055F92B /* DoodleDemo */,
				45B870CD1908FDC10055F92B /* DoodleDemoTests */,
			);
		};
/* End PBXProject section */

/* Begin PBXResourcesBuildPhase section */
		45B870AB1908FDC10055F92B /* Resources */ = {
			isa = PBXResourcesBuildPhase;
			buildActionMask = 2147483647;
			files = (
				45B871451908FF240055F92B /* doodle_pan_size_bg.png in Resources */,
				45B871531908FF240055F92B /* doodle_set_color_bg.png in Resources */,
				45B871581908FF240055F92B /* doodle_set_color_loop@2x.png in Resources */,
				45B8713A1908FF240055F92B /* common_blue_btn@2x.png in Resources */,
				45B871481908FF240055F92B /* doodle_pan_size_frame@2x.png in Resources */,
				45B871441908FF240055F92B /* doodle_eraser@2x.png in Resources */,
				45B8715C1908FF240055F92B /* doodle_set_color_transparency@2x.png in Resources */,
				45044394190F47C500995685 /* emoji_delete@2x.png in Resources */,
				45B8714C1908FF240055F92B /* doodle_pan_size_trend@2x.png in Resources */,
				45B871501908FF240055F92B /* doodle_pop_up_bg@2x.png in Resources */,
				45B871491908FF240055F92B /* doodle_pan_size_handle.png in Resources */,
				45B8715F1908FF240055F92B /* doodle_undo.png in Resources */,
				45B871461908FF240055F92B /* doodle_pan_size_bg@2x.png in Resources */,
				45B871511908FF240055F92B /* doodle_redo.png in Resources */,
				45B871411908FF240055F92B /* doodle_del.png in Resources */,
				45B871381908FF240055F92B /* doodle_photo@2x.png in Resources */,
				45B871571908FF240055F92B /* doodle_set_color_loop.png in Resources */,
				45B8714F1908FF240055F92B /* doodle_pop_up_bg.png in Resources */,
				45B871421908FF240055F92B /* doodle_del@2x.png in Resources */,
				45B8713E1908FF240055F92B /* doodle_color_colordisc@2x.png in Resources */,
				45B871371908FF240055F92B /* doodle_photo.png in Resources */,
				45B8715E1908FF240055F92B /* doodle_transparency@2x.png in Resources */,
				45B8715A1908FF240055F92B /* doodle_set_color_transparency_loop@2x.png in Resources */,
				45044390190F474C00995685 /* setp_back_mark@2x.png in Resources */,
				45B8715D1908FF240055F92B /* doodle_transparency.png in Resources */,
				45B8713F1908FF240055F92B /* doodle_color_select.png in Resources */,
				45B8713D1908FF240055F92B /* doodle_color_colordisc.png in Resources */,
				45B871391908FF240055F92B /* common_blue_btn.png in Resources */,
				45B871591908FF240055F92B /* doodle_set_color_transparency_loop.png in Resources */,
				45B871601908FF240055F92B /* doodle_undo@2x.png in Resources */,
				45B8713C1908FF240055F92B /* common_white_btn@2x.png in Resources */,
				45B871351908FF240055F92B /* doodle_pop_up_triangle@2x.png in Resources */,
				45B871551908FF240055F92B /* doodle_set_color_colordisc.png in Resources */,
				45B8714B1908FF240055F92B /* doodle_pan_size_trend.png in Resources */,
				45B870C91908FDC10055F92B /* Images.xcassets in Resources */,
				45B871541908FF240055F92B /* doodle_set_color_bg@2x.png in Resources */,
				45B871331908FF240055F92B /* doodle_color_transparency.png in Resources */,
				45B8714A1908FF240055F92B /* doodle_pan_size_handle@2x.png in Resources */,
				45B871401908FF240055F92B /* doodle_color_select@2x.png in Resources */,
				45B8713B1908FF240055F92B /* common_white_btn.png in Resources */,
				459D2B22190E4DC000688946 /* cursor1@2x.png in Resources */,
				45B8714E1908FF240055F92B /* doodle_pan@2x.png in Resources */,
				45B871471908FF240055F92B /* doodle_pan_size_frame.png in Resources */,
				45B871431908FF240055F92B /* doodle_eraser.png in Resources */,
				45B8714D1908FF240055F92B /* doodle_pan.png in Resources */,
				45B8715B1908FF240055F92B /* doodle_set_color_transparency.png in Resources */,
				45B871341908FF240055F92B /* doodle_color_transparency@2x.png in Resources */,
				45B870BB1908FDC10055F92B /* InfoPlist.strings in Resources */,
				45B871561908FF240055F92B /* doodle_set_color_colordisc@2x.png in Resources */,
				459D2B20190E452800688946 /* cursor2@2x.png in Resources */,
				45B871361908FF240055F92B /* doodle_pop_up_triangle.png in Resources */,
				45B871521908FF240055F92B /* doodle_redo@2x.png in Resources */,
			);
			runOnlyForDeploymentPostprocessing = 0;
		};
		45B870CC1908FDC10055F92B /* Resources */ = {
			isa = PBXResourcesBuildPhase;
			buildActionMask = 2147483647;
			files = (
				45B870DA1908FDC10055F92B /* InfoPlist.strings in Resources */,
			);
			runOnlyForDeploymentPostprocessing = 0;
		};
/* End PBXResourcesBuildPhase section */

/* Begin PBXSourcesBuildPhase section */
		45B870A91908FDC10055F92B /* Sources */ = {
			isa = PBXSourcesBuildPhase;
			buildActionMask = 2147483647;
			files = (
				45B870F31908FEA20055F92B /* _HTDoodleDrawView.m in Sources */,
				45B871011908FEC10055F92B /* HTAlphaSlider.m in Sources */,
				45B870F51908FEA20055F92B /* HTDoodleViewController.m in Sources */,
				459D2B17190DEC6B00688946 /* HTHandWritingView.m in Sources */,
				45B8717E190902050055F92B /* HSV.c in Sources */,
				45B870C11908FDC10055F92B /* AppDelegate.m in Sources */,
				45B8716A1909011D0055F92B /* HTImagePickerController.m in Sources */,
				45B87170190901480055F92B /* HTImageCroperView.m in Sources */,
				45B8718B1909063D0055F92B /* MBProgressHUD.m in Sources */,
				45B871021908FEC10055F92B /* HTHSVPickerView.m in Sources */,
				45B871971909085A0055F92B /* HTActionSheet.m in Sources */,
				45B870FF1908FEC10055F92B /* HTHuePickerView.m in Sources */,
				45B871001908FEC10055F92B /* HTBrightnessSlider.m in Sources */,
				45B8718E190907160055F92B /* UIColor+HT.m in Sources */,
				45B870BD1908FDC10055F92B /* main.m in Sources */,
				45B87171190901480055F92B /* HTImageCroperViewController.m in Sources */,
				45B8717A190901BE0055F92B /* UIImage-Extension.m in Sources */,
				45B87174190901700055F92B /* HTCroperMaskView.m in Sources */,
				45B8719A190908FD0055F92B /* NSObject+HT.m in Sources */,
				45B8719D190909A10055F92B /* NSDictionary+HT.m in Sources */,
				45B870F11908FEA20055F92B /* HTCustomSlider.m in Sources */,
				45B871641908FFA80055F92B /* UIDevice+HT.m in Sources */,
				4504438E190F3E3D00995685 /* HTWhiteBoradViewController.m in Sources */,
				45B870F21908FEA20055F92B /* HTBezierPath.m in Sources */,
				45B87194190908250055F92B /* UIView+HT.m in Sources */,
				459D2B1A190DF41B00688946 /* HTImageEditView.m in Sources */,
				45B870F41908FEA20055F92B /* HTDoodleDrawView.m in Sources */,
			);
			runOnlyForDeploymentPostprocessing = 0;
		};
		45B870CA1908FDC10055F92B /* Sources */ = {
			isa = PBXSourcesBuildPhase;
			buildActionMask = 2147483647;
			files = (
				45B870DC1908FDC10055F92B /* DoodleDemoTests.m in Sources */,
			);
			runOnlyForDeploymentPostprocessing = 0;
		};
/* End PBXSourcesBuildPhase section */

/* Begin PBXTargetDependency section */
		45B870D41908FDC10055F92B /* PBXTargetDependency */ = {
			isa = PBXTargetDependency;
			target = 45B870AC1908FDC10055F92B /* DoodleDemo */;
			targetProxy = 45B870D31908FDC10055F92B /* PBXContainerItemProxy */;
		};
/* End PBXTargetDependency section */

/* Begin PBXVariantGroup section */
		45B870B91908FDC10055F92B /* InfoPlist.strings */ = {
			isa = PBXVariantGroup;
			children = (
				45B870BA1908FDC10055F92B /* en */,
			);
			name = InfoPlist.strings;
			sourceTree = "<group>";
		};
		45B870D81908FDC10055F92B /* InfoPlist.strings */ = {
			isa = PBXVariantGroup;
			children = (
				45B870D91908FDC10055F92B /* en */,
			);
			name = InfoPlist.strings;
			sourceTree = "<group>";
		};
/* End PBXVariantGroup section */

/* Begin XCBuildConfiguration section */
		45B870DD1908FDC10055F92B /* Debug */ = {
			isa = XCBuildConfiguration;
			buildSettings = {
				ALWAYS_SEARCH_USER_PATHS = NO;
				CLANG_CXX_LANGUAGE_STANDARD = "gnu++0x";
				CLANG_CXX_LIBRARY = "libc++";
				CLANG_ENABLE_MODULES = YES;
				CLANG_ENABLE_OBJC_ARC = YES;
				CLANG_WARN_BOOL_CONVERSION = YES;
				CLANG_WARN_CONSTANT_CONVERSION = YES;
				CLANG_WARN_DIRECT_OBJC_ISA_USAGE = YES_ERROR;
				CLANG_WARN_EMPTY_BODY = YES;
				CLANG_WARN_ENUM_CONVERSION = YES;
				CLANG_WARN_INT_CONVERSION = YES;
				CLANG_WARN_OBJC_ROOT_CLASS = YES_ERROR;
				CLANG_WARN__DUPLICATE_METHOD_MATCH = YES;
				"CODE_SIGN_IDENTITY[sdk=iphoneos*]" = "iPhone Developer";
				COPY_PHASE_STRIP = NO;
				GCC_C_LANGUAGE_STANDARD = gnu99;
				GCC_DYNAMIC_NO_PIC = NO;
				GCC_OPTIMIZATION_LEVEL = 0;
				GCC_PREPROCESSOR_DEFINITIONS = (
					"DEBUG=1",
					"$(inherited)",
				);
				GCC_SYMBOLS_PRIVATE_EXTERN = NO;
				GCC_WARN_64_TO_32_BIT_CONVERSION = YES;
				GCC_WARN_ABOUT_RETURN_TYPE = YES_ERROR;
				GCC_WARN_UNDECLARED_SELECTOR = YES;
				GCC_WARN_UNINITIALIZED_AUTOS = YES_AGGRESSIVE;
				GCC_WARN_UNUSED_FUNCTION = YES;
				GCC_WARN_UNUSED_VARIABLE = YES;
				IPHONEOS_DEPLOYMENT_TARGET = 7.1;
				ONLY_ACTIVE_ARCH = YES;
				SDKROOT = iphoneos;
			};
			name = Debug;
		};
		45B870DE1908FDC10055F92B /* Release */ = {
			isa = XCBuildConfiguration;
			buildSettings = {
				ALWAYS_SEARCH_USER_PATHS = NO;
				CLANG_CXX_LANGUAGE_STANDARD = "gnu++0x";
				CLANG_CXX_LIBRARY = "libc++";
				CLANG_ENABLE_MODULES = YES;
				CLANG_ENABLE_OBJC_ARC = YES;
				CLANG_WARN_BOOL_CONVERSION = YES;
				CLANG_WARN_CONSTANT_CONVERSION = YES;
				CLANG_WARN_DIRECT_OBJC_ISA_USAGE = YES_ERROR;
				CLANG_WARN_EMPTY_BODY = YES;
				CLANG_WARN_ENUM_CONVERSION = YES;
				CLANG_WARN_INT_CONVERSION = YES;
				CLANG_WARN_OBJC_ROOT_CLASS = YES_ERROR;
				CLANG_WARN__DUPLICATE_METHOD_MATCH = YES;
				"CODE_SIGN_IDENTITY[sdk=iphoneos*]" = "iPhone Developer";
				COPY_PHASE_STRIP = YES;
				ENABLE_NS_ASSERTIONS = NO;
				GCC_C_LANGUAGE_STANDARD = gnu99;
				GCC_WARN_64_TO_32_BIT_CONVERSION = YES;
				GCC_WARN_ABOUT_RETURN_TYPE = YES_ERROR;
				GCC_WARN_UNDECLARED_SELECTOR = YES;
				GCC_WARN_UNINITIALIZED_AUTOS = YES_AGGRESSIVE;
				GCC_WARN_UNUSED_FUNCTION = YES;
				GCC_WARN_UNUSED_VARIABLE = YES;
				IPHONEOS_DEPLOYMENT_TARGET = 7.1;
				SDKROOT = iphoneos;
				VALIDATE_PRODUCT = YES;
			};
			name = Release;
		};
		45B870E01908FDC10055F92B /* Debug */ = {
			isa = XCBuildConfiguration;
			buildSettings = {
				ASSETCATALOG_COMPILER_APPICON_NAME = AppIcon;
				ASSETCATALOG_COMPILER_LAUNCHIMAGE_NAME = LaunchImage;
				GCC_PRECOMPILE_PREFIX_HEADER = YES;
				GCC_PREFIX_HEADER = "DoodleDemo/DoodleDemo-Prefix.pch";
				INFOPLIST_FILE = "DoodleDemo/DoodleDemo-Info.plist";
				PRODUCT_NAME = "$(TARGET_NAME)";
				WRAPPER_EXTENSION = app;
			};
			name = Debug;
		};
		45B870E11908FDC10055F92B /* Release */ = {
			isa = XCBuildConfiguration;
			buildSettings = {
				ASSETCATALOG_COMPILER_APPICON_NAME = AppIcon;
				ASSETCATALOG_COMPILER_LAUNCHIMAGE_NAME = LaunchImage;
				GCC_PRECOMPILE_PREFIX_HEADER = YES;
				GCC_PREFIX_HEADER = "DoodleDemo/DoodleDemo-Prefix.pch";
				INFOPLIST_FILE = "DoodleDemo/DoodleDemo-Info.plist";
				PRODUCT_NAME = "$(TARGET_NAME)";
				WRAPPER_EXTENSION = app;
			};
			name = Release;
		};
		45B870E31908FDC10055F92B /* Debug */ = {
			isa = XCBuildConfiguration;
			buildSettings = {
				BUNDLE_LOADER = "$(BUILT_PRODUCTS_DIR)/DoodleDemo.app/DoodleDemo";
				FRAMEWORK_SEARCH_PATHS = (
					"$(SDKROOT)/Developer/Library/Frameworks",
					"$(inherited)",
					"$(DEVELOPER_FRAMEWORKS_DIR)",
				);
				GCC_PRECOMPILE_PREFIX_HEADER = YES;
				GCC_PREFIX_HEADER = "DoodleDemo/DoodleDemo-Prefix.pch";
				GCC_PREPROCESSOR_DEFINITIONS = (
					"DEBUG=1",
					"$(inherited)",
				);
				INFOPLIST_FILE = "DoodleDemoTests/DoodleDemoTests-Info.plist";
				PRODUCT_NAME = "$(TARGET_NAME)";
				TEST_HOST = "$(BUNDLE_LOADER)";
				WRAPPER_EXTENSION = xctest;
			};
			name = Debug;
		};
		45B870E41908FDC10055F92B /* Release */ = {
			isa = XCBuildConfiguration;
			buildSettings = {
				BUNDLE_LOADER = "$(BUILT_PRODUCTS_DIR)/DoodleDemo.app/DoodleDemo";
				FRAMEWORK_SEARCH_PATHS = (
					"$(SDKROOT)/Developer/Library/Frameworks",
					"$(inherited)",
					"$(DEVELOPER_FRAMEWORKS_DIR)",
				);
				GCC_PRECOMPILE_PREFIX_HEADER = YES;
				GCC_PREFIX_HEADER = "DoodleDemo/DoodleDemo-Prefix.pch";
				INFOPLIST_FILE = "DoodleDemoTests/DoodleDemoTests-Info.plist";
				PRODUCT_NAME = "$(TARGET_NAME)";
				TEST_HOST = "$(BUNDLE_LOADER)";
				WRAPPER_EXTENSION = xctest;
			};
			name = Release;
		};
/* End XCBuildConfiguration section */

/* Begin XCConfigurationList section */
		45B870A81908FDC10055F92B /* Build configuration list for PBXProject "DoodleDemo" */ = {
			isa = XCConfigurationList;
			buildConfigurations = (
				45B870DD1908FDC10055F92B /* Debug */,
				45B870DE1908FDC10055F92B /* Release */,
			);
			defaultConfigurationIsVisible = 0;
			defaultConfigurationName = Release;
		};
		45B870DF1908FDC10055F92B /* Build configuration list for PBXNativeTarget "DoodleDemo" */ = {
			isa = XCConfigurationList;
			buildConfigurations = (
				45B870E01908FDC10055F92B /* Debug */,
				45B870E11908FDC10055F92B /* Release */,
			);
			defaultConfigurationIsVisible = 0;
			defaultConfigurationName = Release;
		};
		45B870E21908FDC10055F92B /* Build configuration list for PBXNativeTarget "DoodleDemoTests" */ = {
			isa = XCConfigurationList;
			buildConfigurations = (
				45B870E31908FDC10055F92B /* Debug */,
				45B870E41908FDC10055F92B /* Release */,
			);
			defaultConfigurationIsVisible = 0;
			defaultConfigurationName = Release;
		};
/* End XCConfigurationList section */
	};
	rootObject = 45B870A51908FDC10055F92B /* Project object */;
}
